// !$*UTF8*$!
{
	archiveVersion = 1;
	classes = {
	};
	objectVersion = 46;
	objects = {

/* Begin PBXBuildFile section */
		7D48400317C5BD44009AC184 /* UIKit.framework in Frameworks */ = {isa = PBXBuildFile; fileRef = 7D48400217C5BD44009AC184 /* UIKit.framework */; };
		7D48400517C5BD44009AC184 /* Foundation.framework in Frameworks */ = {isa = PBXBuildFile; fileRef = 7D48400417C5BD44009AC184 /* Foundation.framework */; };
		7D48400717C5BD44009AC184 /* CoreGraphics.framework in Frameworks */ = {isa = PBXBuildFile; fileRef = 7D48400617C5BD44009AC184 /* CoreGraphics.framework */; };
		7D48400D17C5BD44009AC184 /* InfoPlist.strings in Resources */ = {isa = PBXBuildFile; fileRef = 7D48400B17C5BD44009AC184 /* InfoPlist.strings */; };
		7D48400F17C5BD44009AC184 /* main.m in Sources */ = {isa = PBXBuildFile; fileRef = 7D48400E17C5BD44009AC184 /* main.m */; };
		7D48401317C5BD45009AC184 /* AppDelegate.m in Sources */ = {isa = PBXBuildFile; fileRef = 7D48401217C5BD45009AC184 /* AppDelegate.m */; };
		7D48401917C5BD45009AC184 /* Default-568h@2x.png in Resources */ = {isa = PBXBuildFile; fileRef = 7D48401817C5BD45009AC184 /* Default-568h@2x.png */; };
		7D9A96F018122F9600E75B0D /* FacebookSDK.framework in Frameworks */ = {isa = PBXBuildFile; fileRef = 7D9A96EF18122F9600E75B0D /* FacebookSDK.framework */; };
		7D9A96FB18123D0300E75B0D /* Social.framework in Frameworks */ = {isa = PBXBuildFile; fileRef = 7D9A96FA18123D0300E75B0D /* Social.framework */; settings = {ATTRIBUTES = (Required, ); }; };
		7D9A9D1B1803A01A00233E8C /* libz.dylib in Frameworks */ = {isa = PBXBuildFile; fileRef = 7D9A9D1A1803A01A00233E8C /* libz.dylib */; };
		7D9A9D581803D3B300233E8C /* UMSocialLocalizable.strings in Resources */ = {isa = PBXBuildFile; fileRef = 7D9A9D341803D3B200233E8C /* UMSocialLocalizable.strings */; };
		7D9A9D591803D3B300233E8C /* TencentOpenAPI.framework in Frameworks */ = {isa = PBXBuildFile; fileRef = 7D9A9D381803D3B200233E8C /* TencentOpenAPI.framework */; };
		7D9A9D5A1803D3B300233E8C /* libWeChatSDK.a in Frameworks */ = {isa = PBXBuildFile; fileRef = 7D9A9D3A1803D3B200233E8C /* libWeChatSDK.a */; };
		7D9A9D5B1803D3B300233E8C /* libUMSocial_Sdk_3.0.a in Frameworks */ = {isa = PBXBuildFile; fileRef = 7D9A9D481803D3B200233E8C /* libUMSocial_Sdk_3.0.a */; };
		7D9A9D5C1803D3B300233E8C /* libUMSocial_Sdk_Comment_3.0.a in Frameworks */ = {isa = PBXBuildFile; fileRef = 7D9A9D491803D3B200233E8C /* libUMSocial_Sdk_Comment_3.0.a */; };
		7D9A9D5D1803D3B300233E8C /* UMSCommentDetailController.xib in Resources */ = {isa = PBXBuildFile; fileRef = 7D9A9D4B1803D3B200233E8C /* UMSCommentDetailController.xib */; };
		7D9A9D5E1803D3B300233E8C /* UMSCommentInputController.xib in Resources */ = {isa = PBXBuildFile; fileRef = 7D9A9D4C1803D3B200233E8C /* UMSCommentInputController.xib */; };
		7D9A9D5F1803D3B300233E8C /* UMSCommentInputControlleriPad.xib in Resources */ = {isa = PBXBuildFile; fileRef = 7D9A9D4D1803D3B200233E8C /* UMSCommentInputControlleriPad.xib */; };
		7D9A9D601803D3B300233E8C /* UMShareEditViewController.xib in Resources */ = {isa = PBXBuildFile; fileRef = 7D9A9D4E1803D3B200233E8C /* UMShareEditViewController.xib */; };
		7D9A9D611803D3B300233E8C /* UMShareEditViewControlleriPad.xib in Resources */ = {isa = PBXBuildFile; fileRef = 7D9A9D4F1803D3B200233E8C /* UMShareEditViewControlleriPad.xib */; };
		7D9A9D621803D3B300233E8C /* UMSLoginViewController.xib in Resources */ = {isa = PBXBuildFile; fileRef = 7D9A9D501803D3B200233E8C /* UMSLoginViewController.xib */; };
		7D9A9D631803D3B300233E8C /* UMSnsAccountViewController.xib in Resources */ = {isa = PBXBuildFile; fileRef = 7D9A9D511803D3B200233E8C /* UMSnsAccountViewController.xib */; };
		7D9A9D641803D3B300233E8C /* UMSShareListController.xib in Resources */ = {isa = PBXBuildFile; fileRef = 7D9A9D521803D3B200233E8C /* UMSShareListController.xib */; };
		7D9A9D651803D3B300233E8C /* UMSocialSDKResourcesNew.bundle in Resources */ = {isa = PBXBuildFile; fileRef = 7D9A9D531803D3B200233E8C /* UMSocialSDKResourcesNew.bundle */; };
		7D9A9D661803D3B300233E8C /* libMobClickLibrary.a in Frameworks */ = {isa = PBXBuildFile; fileRef = 7D9A9D561803D3B300233E8C /* libMobClickLibrary.a */; };
		7D9A9D681803D42400233E8C /* libiconv.dylib in Frameworks */ = {isa = PBXBuildFile; fileRef = 7D9A9D671803D42400233E8C /* libiconv.dylib */; };
		7D9A9D6A1803D43200233E8C /* SystemConfiguration.framework in Frameworks */ = {isa = PBXBuildFile; fileRef = 7D9A9D691803D43200233E8C /* SystemConfiguration.framework */; };
		7D9A9D6C1803D44200233E8C /* libsqlite3.dylib in Frameworks */ = {isa = PBXBuildFile; fileRef = 7D9A9D6B1803D44200233E8C /* libsqlite3.dylib */; };
		7D9A9D6E1803D45200233E8C /* CoreTelephony.framework in Frameworks */ = {isa = PBXBuildFile; fileRef = 7D9A9D6D1803D45100233E8C /* CoreTelephony.framework */; };
		7D9A9D701803D45C00233E8C /* libstdc++.dylib in Frameworks */ = {isa = PBXBuildFile; fileRef = 7D9A9D6F1803D45C00233E8C /* libstdc++.dylib */; };
		7DA1F9FF1805710E007459B1 /* MenuViewController.m in Sources */ = {isa = PBXBuildFile; fileRef = 7DA1F9FD1805710E007459B1 /* MenuViewController.m */; };
		7DA1FA001805710E007459B1 /* MenuViewController.xib in Resources */ = {isa = PBXBuildFile; fileRef = 7DA1F9FE1805710E007459B1 /* MenuViewController.xib */; };
		7DB87EE417DF05E8000EEBA2 /* QuartzCore.framework in Frameworks */ = {isa = PBXBuildFile; fileRef = 7DB87EE317DF05E8000EEBA2 /* QuartzCore.framework */; };
		7DB87EE617DF05F0000EEBA2 /* StoreKit.framework in Frameworks */ = {isa = PBXBuildFile; fileRef = 7DB87EE517DF05F0000EEBA2 /* StoreKit.framework */; };
		7DB87EE817DF05F9000EEBA2 /* AVFoundation.framework in Frameworks */ = {isa = PBXBuildFile; fileRef = 7DB87EE717DF05F9000EEBA2 /* AVFoundation.framework */; };
		7DB87EEA17DF0600000EEBA2 /* AudioToolbox.framework in Frameworks */ = {isa = PBXBuildFile; fileRef = 7DB87EE917DF0600000EEBA2 /* AudioToolbox.framework */; };
		7DE5E7651803FCA2001BB491 /* Icon.png in Resources */ = {isa = PBXBuildFile; fileRef = 7DE5E7641803FCA2001BB491 /* Icon.png */; };
		7DE5E7A318042383001BB491 /* MessageUI.framework in Frameworks */ = {isa = PBXBuildFile; fileRef = 7DE5E7A218042383001BB491 /* MessageUI.framework */; };
		AFB2ACA7199075230067AA74 /* CoreAudio.framework in Frameworks */ = {isa = PBXBuildFile; fileRef = AFB2ACA6199075230067AA74 /* CoreAudio.framework */; };
		AFB2ACAB199076E90067AA74 /* AudioPlayer.m in Sources */ = {isa = PBXBuildFile; fileRef = AFB2ACAA199076E90067AA74 /* AudioPlayer.m */; };
		AFB2F61C19A742830083E1ED /* TabManager.m in Sources */ = {isa = PBXBuildFile; fileRef = AFB2F61B19A742830083E1ED /* TabManager.m */; };
		AFB568AD19D801B600F4E882 /* main.storyboard in Resources */ = {isa = PBXBuildFile; fileRef = AFB568AC19D801B600F4E882 /* main.storyboard */; };
		AFB568B119D821D300F4E882 /* GridViewController.m in Sources */ = {isa = PBXBuildFile; fileRef = AFB568B019D821D300F4E882 /* GridViewController.m */; };
		AFB568BD19D8220400F4E882 /* GridLayout.m in Sources */ = {isa = PBXBuildFile; fileRef = AFB568B419D8220400F4E882 /* GridLayout.m */; };
		AFB568BE19D8220400F4E882 /* LineLayout.m in Sources */ = {isa = PBXBuildFile; fileRef = AFB568B619D8220400F4E882 /* LineLayout.m */; };
		AFB568BF19D8220400F4E882 /* CoverFlowLayout.m in Sources */ = {isa = PBXBuildFile; fileRef = AFB568B819D8220400F4E882 /* CoverFlowLayout.m */; };
		AFB568C019D8220400F4E882 /* StacksLayout.m in Sources */ = {isa = PBXBuildFile; fileRef = AFB568BA19D8220400F4E882 /* StacksLayout.m */; };
		AFB568C119D8220400F4E882 /* SpiralLayout.m in Sources */ = {isa = PBXBuildFile; fileRef = AFB568BC19D8220400F4E882 /* SpiralLayout.m */; };
		AFB825201981028900EEF055 /* RandomUtil.m in Sources */ = {isa = PBXBuildFile; fileRef = AFB8251F1981028900EEF055 /* RandomUtil.m */; };
		AFB825251981031100EEF055 /* CommonEx.m in Sources */ = {isa = PBXBuildFile; fileRef = AFB825221981031100EEF055 /* CommonEx.m */; };
		AFB825261981031100EEF055 /* TimeUtil.m in Sources */ = {isa = PBXBuildFile; fileRef = AFB825241981031100EEF055 /* TimeUtil.m */; };
		AFB82552198104C800EEF055 /* button.jpg in Resources */ = {isa = PBXBuildFile; fileRef = AFB82542198104C800EEF055 /* button.jpg */; };
		AFB82553198104C800EEF055 /* CoverProgressView.m in Sources */ = {isa = PBXBuildFile; fileRef = AFB82544198104C800EEF055 /* CoverProgressView.m */; };
		AFB82554198104C800EEF055 /* detalle.png in Resources */ = {isa = PBXBuildFile; fileRef = AFB82545198104C800EEF055 /* detalle.png */; };
		AFB82555198104C800EEF055 /* MBProgressHUD.m in Sources */ = {isa = PBXBuildFile; fileRef = AFB82547198104C800EEF055 /* MBProgressHUD.m */; };
		AFB82557198104C800EEF055 /* NumberView.m in Sources */ = {isa = PBXBuildFile; fileRef = AFB8254B198104C800EEF055 /* NumberView.m */; };
		AFB82559198104C800EEF055 /* ViewGroup.m in Sources */ = {isa = PBXBuildFile; fileRef = AFB8254F198104C800EEF055 /* ViewGroup.m */; };
		AFB8255A198104C800EEF055 /* WStepper.m in Sources */ = {isa = PBXBuildFile; fileRef = AFB82551198104C800EEF055 /* WStepper.m */; };
		AFB8255D198104E300EEF055 /* ShareManager.m in Sources */ = {isa = PBXBuildFile; fileRef = AFB8255C198104E300EEF055 /* ShareManager.m */; };
		AFB825651981064F00EEF055 /* SoundEffect.m in Sources */ = {isa = PBXBuildFile; fileRef = AFB825621981064F00EEF055 /* SoundEffect.m */; };
		AFB825661981064F00EEF055 /* UIButtonEx.m in Sources */ = {isa = PBXBuildFile; fileRef = AFB825641981064F00EEF055 /* UIButtonEx.m */; };
		AFB8257C19810CEA00EEF055 /* citydict.plist in Resources */ = {isa = PBXBuildFile; fileRef = AFB8256F19810CEA00EEF055 /* citydict.plist */; };
		AFB8257D19810CEA00EEF055 /* CityPickerViewController.m in Sources */ = {isa = PBXBuildFile; fileRef = AFB8257119810CEA00EEF055 /* CityPickerViewController.m */; };
		AFB8257E19810CEA00EEF055 /* DateEx.m in Sources */ = {isa = PBXBuildFile; fileRef = AFB8257319810CEA00EEF055 /* DateEx.m */; };
		AFB8257F19810CEA00EEF055 /* IndexNamesViewController.m in Sources */ = {isa = PBXBuildFile; fileRef = AFB8257519810CEA00EEF055 /* IndexNamesViewController.m */; };
		AFB8258019810CEA00EEF055 /* IndexNamesViewController.xib in Resources */ = {isa = PBXBuildFile; fileRef = AFB8257619810CEA00EEF055 /* IndexNamesViewController.xib */; };
		AFB8258119810CEA00EEF055 /* LineSwitch.m in Sources */ = {isa = PBXBuildFile; fileRef = AFB8257819810CEA00EEF055 /* LineSwitch.m */; };
		AFB8258219810CEA00EEF055 /* LineSwitch.xib in Resources */ = {isa = PBXBuildFile; fileRef = AFB8257919810CEA00EEF055 /* LineSwitch.xib */; };
		AFB8258319810CEA00EEF055 /* StringEx.m in Sources */ = {isa = PBXBuildFile; fileRef = AFB8257B19810CEA00EEF055 /* StringEx.m */; };
		AFB82651198123AF00EEF055 /* LifeManager.m in Sources */ = {isa = PBXBuildFile; fileRef = AFB8264B198123AF00EEF055 /* LifeManager.m */; };
		AFB82652198123AF00EEF055 /* LifeManagerViewController.m in Sources */ = {isa = PBXBuildFile; fileRef = AFB8264D198123AF00EEF055 /* LifeManagerViewController.m */; };
		AFB82653198123AF00EEF055 /* LifeManagerViewController.xib in Resources */ = {isa = PBXBuildFile; fileRef = AFB8264E198123AF00EEF055 /* LifeManagerViewController.xib */; };
		AFB82654198123AF00EEF055 /* WLifeManager.m in Sources */ = {isa = PBXBuildFile; fileRef = AFB82650198123AF00EEF055 /* WLifeManager.m */; };
		AFB826571981247500EEF055 /* ImageUtil.m in Sources */ = {isa = PBXBuildFile; fileRef = AFB826561981247500EEF055 /* ImageUtil.m */; };
		AFB826731981248600EEF055 /* FacebookViewController.m in Sources */ = {isa = PBXBuildFile; fileRef = AFB8265B1981248600EEF055 /* FacebookViewController.m */; };
		AFB826741981248600EEF055 /* FacebookViewController.xib in Resources */ = {isa = PBXBuildFile; fileRef = AFB8265C1981248600EEF055 /* FacebookViewController.xib */; };
		AFB826751981248600EEF055 /* FBManager.m in Sources */ = {isa = PBXBuildFile; fileRef = AFB8265E1981248600EEF055 /* FBManager.m */; };
		AFB826771981248600EEF055 /* InAppPurchaseViewController.m in Sources */ = {isa = PBXBuildFile; fileRef = AFB826661981248600EEF055 /* InAppPurchaseViewController.m */; };
		AFB826781981248600EEF055 /* InAppPurchaseViewController.xib in Resources */ = {isa = PBXBuildFile; fileRef = AFB826671981248600EEF055 /* InAppPurchaseViewController.xib */; };
		AFB826791981248600EEF055 /* InAppPurchaser.m in Sources */ = {isa = PBXBuildFile; fileRef = AFB826691981248600EEF055 /* InAppPurchaser.m */; };
		AFB8267A1981248600EEF055 /* InAppPurchaserApple.m in Sources */ = {isa = PBXBuildFile; fileRef = AFB8266B1981248600EEF055 /* InAppPurchaserApple.m */; };
		AFB8267B1981248600EEF055 /* Readme.txt in Resources */ = {isa = PBXBuildFile; fileRef = AFB8266C1981248600EEF055 /* Readme.txt */; };
		AFB8267C1981248600EEF055 /* NotificationManager.m in Sources */ = {isa = PBXBuildFile; fileRef = AFB8266F1981248600EEF055 /* NotificationManager.m */; };
		AFB8267D1981248600EEF055 /* NotificationViewController.m in Sources */ = {isa = PBXBuildFile; fileRef = AFB826711981248600EEF055 /* NotificationViewController.m */; };
		AFB8267E1981248600EEF055 /* NotificationViewController.xib in Resources */ = {isa = PBXBuildFile; fileRef = AFB826721981248600EEF055 /* NotificationViewController.xib */; };
		AFB826901981281E00EEF055 /* NaviCoverView.m in Sources */ = {isa = PBXBuildFile; fileRef = AFB826811981281E00EEF055 /* NaviCoverView.m */; };
		AFB826911981281E00EEF055 /* DataManager.m in Sources */ = {isa = PBXBuildFile; fileRef = AFB826841981281E00EEF055 /* DataManager.m */; };
		AFB826921981281E00EEF055 /* game_data.json in Resources */ = {isa = PBXBuildFile; fileRef = AFB826851981281E00EEF055 /* game_data.json */; };
		AFB826931981281E00EEF055 /* game_levels.json in Resources */ = {isa = PBXBuildFile; fileRef = AFB826861981281E00EEF055 /* game_levels.json */; };
		AFB826941981281E00EEF055 /* GameData.m in Sources */ = {isa = PBXBuildFile; fileRef = AFB826881981281E00EEF055 /* GameData.m */; };
		AFB826951981281E00EEF055 /* GameLevel.m in Sources */ = {isa = PBXBuildFile; fileRef = AFB8268A1981281E00EEF055 /* GameLevel.m */; };
		AFB826961981281E00EEF055 /* GameManager.m in Sources */ = {isa = PBXBuildFile; fileRef = AFB8268C1981281E00EEF055 /* GameManager.m */; };
		AFB826971981281E00EEF055 /* ViewCommonComputer.m in Sources */ = {isa = PBXBuildFile; fileRef = AFB8268F1981281E00EEF055 /* ViewCommonComputer.m */; };
		AFB832B61989F51F007A71DC /* LoadMoreControl.m in Sources */ = {isa = PBXBuildFile; fileRef = AFB832B51989F51F007A71DC /* LoadMoreControl.m */; };
		AFBD2880198F2F6700EEDD5B /* AnimationUtil.m in Sources */ = {isa = PBXBuildFile; fileRef = AFBD287F198F2F6700EEDD5B /* AnimationUtil.m */; };
		AFBD2883198F301000EEDD5B /* FruitSlotsView.m in Sources */ = {isa = PBXBuildFile; fileRef = AFBD2882198F301000EEDD5B /* FruitSlotsView.m */; };
		AFBD2887198F4F9600EEDD5B /* FruitSlotsViewController.m in Sources */ = {isa = PBXBuildFile; fileRef = AFBD2885198F4F9600EEDD5B /* FruitSlotsViewController.m */; };
		AFBD2888198F4F9600EEDD5B /* FruitSlotsViewController.xib in Resources */ = {isa = PBXBuildFile; fileRef = AFBD2886198F4F9600EEDD5B /* FruitSlotsViewController.xib */; };
		AFD061FC19D8F2D500F6F768 /* ConferenceLayoutAttributes.m in Sources */ = {isa = PBXBuildFile; fileRef = AFD061FB19D8F2D500F6F768 /* ConferenceLayoutAttributes.m */; };
		AFD0620519D8F2F700F6F768 /* SpeakerCell.m in Sources */ = {isa = PBXBuildFile; fileRef = AFD061FE19D8F2F700F6F768 /* SpeakerCell.m */; };
		AFD0620619D8F2F700F6F768 /* ConferenceHeader.m in Sources */ = {isa = PBXBuildFile; fileRef = AFD0620019D8F2F700F6F768 /* ConferenceHeader.m */; };
		AFD0620719D8F2F700F6F768 /* StarRatingFooter.m in Sources */ = {isa = PBXBuildFile; fileRef = AFD0620219D8F2F700F6F768 /* StarRatingFooter.m */; };
		AFD0620819D8F2F700F6F768 /* MaskingTapeView.m in Sources */ = {isa = PBXBuildFile; fileRef = AFD0620419D8F2F700F6F768 /* MaskingTapeView.m */; };
		AFD0621319D8F30E00F6F768 /* Conference.m in Sources */ = {isa = PBXBuildFile; fileRef = AFD0620A19D8F30E00F6F768 /* Conference.m */; };
		AFD0621419D8F30E00F6F768 /* NSDate+Helpers.m in Sources */ = {isa = PBXBuildFile; fileRef = AFD0620C19D8F30E00F6F768 /* NSDate+Helpers.m */; };
		AFD0621519D8F30E00F6F768 /* CocoaConf.m in Sources */ = {isa = PBXBuildFile; fileRef = AFD0620E19D8F30E00F6F768 /* CocoaConf.m */; };
		AFD0621619D8F30E00F6F768 /* ShelfView.m in Sources */ = {isa = PBXBuildFile; fileRef = AFD0621019D8F30E00F6F768 /* ShelfView.m */; };
		AFD0621719D8F30E00F6F768 /* MPAnimation.m in Sources */ = {isa = PBXBuildFile; fileRef = AFD0621219D8F30E00F6F768 /* MPAnimation.m */; };
		AFD0621A19D8F4C000F6F768 /* WGridLayout.m in Sources */ = {isa = PBXBuildFile; fileRef = AFD0621919D8F4C000F6F768 /* WGridLayout.m */; };
		AFD0621C19D909B200F6F768 /* Default.xib in Resources */ = {isa = PBXBuildFile; fileRef = AFD0621B19D909B200F6F768 /* Default.xib */; };
/* End PBXBuildFile section */

/* Begin PBXFileReference section */
		7D483FFF17C5BD44009AC184 /* WAYNE_IOS_SDK.app */ = {isa = PBXFileReference; explicitFileType = wrapper.application; includeInIndex = 0; path = WAYNE_IOS_SDK.app; sourceTree = BUILT_PRODUCTS_DIR; };
		7D48400217C5BD44009AC184 /* UIKit.framework */ = {isa = PBXFileReference; lastKnownFileType = wrapper.framework; name = UIKit.framework; path = System/Library/Frameworks/UIKit.framework; sourceTree = SDKROOT; };
		7D48400417C5BD44009AC184 /* Foundation.framework */ = {isa = PBXFileReference; lastKnownFileType = wrapper.framework; name = Foundation.framework; path = System/Library/Frameworks/Foundation.framework; sourceTree = SDKROOT; };
		7D48400617C5BD44009AC184 /* CoreGraphics.framework */ = {isa = PBXFileReference; lastKnownFileType = wrapper.framework; name = CoreGraphics.framework; path = System/Library/Frameworks/CoreGraphics.framework; sourceTree = SDKROOT; };
		7D48400A17C5BD44009AC184 /* WAYNE_IOS_SDK-Info.plist */ = {isa = PBXFileReference; lastKnownFileType = text.plist.xml; path = "WAYNE_IOS_SDK-Info.plist"; sourceTree = "<group>"; };
		7D48400C17C5BD44009AC184 /* en */ = {isa = PBXFileReference; lastKnownFileType = text.plist.strings; name = en; path = en.lproj/InfoPlist.strings; sourceTree = "<group>"; };
		7D48400E17C5BD44009AC184 /* main.m */ = {isa = PBXFileReference; fileEncoding = 4; lastKnownFileType = sourcecode.c.objc; path = main.m; sourceTree = "<group>"; };
		7D48401017C5BD44009AC184 /* WAYNE_IOS_SDK-Prefix.pch */ = {isa = PBXFileReference; lastKnownFileType = sourcecode.c.h; path = "WAYNE_IOS_SDK-Prefix.pch"; sourceTree = "<group>"; };
		7D48401117C5BD45009AC184 /* AppDelegate.h */ = {isa = PBXFileReference; lastKnownFileType = sourcecode.c.h; path = AppDelegate.h; sourceTree = "<group>"; };
		7D48401217C5BD45009AC184 /* AppDelegate.m */ = {isa = PBXFileReference; lastKnownFileType = sourcecode.c.objc; path = AppDelegate.m; sourceTree = "<group>"; };
		7D48401817C5BD45009AC184 /* Default-568h@2x.png */ = {isa = PBXFileReference; lastKnownFileType = image.png; path = "Default-568h@2x.png"; sourceTree = "<group>"; };
		7D95EE9517D85CB300506D05 /* zh-Hans */ = {isa = PBXFileReference; lastKnownFileType = text.plist.strings; name = "zh-Hans"; path = "zh-Hans.lproj/InfoPlist.strings"; sourceTree = "<group>"; };
		7D9A96EF18122F9600E75B0D /* FacebookSDK.framework */ = {isa = PBXFileReference; lastKnownFileType = wrapper.framework; name = FacebookSDK.framework; path = WAYNE_IOS_SDK/libs/FacebookSDK.framework; sourceTree = "<group>"; };
		7D9A96FA18123D0300E75B0D /* Social.framework */ = {isa = PBXFileReference; lastKnownFileType = wrapper.framework; name = Social.framework; path = System/Library/Frameworks/Social.framework; sourceTree = SDKROOT; };
		7D9A9D1A1803A01A00233E8C /* libz.dylib */ = {isa = PBXFileReference; lastKnownFileType = "compiled.mach-o.dylib"; name = libz.dylib; path = usr/lib/libz.dylib; sourceTree = SDKROOT; };
		7D9A9D351803D3B200233E8C /* en */ = {isa = PBXFileReference; lastKnownFileType = text.plist.strings; name = en; path = en.lproj/UMSocialLocalizable.strings; sourceTree = "<group>"; };
		7D9A9D381803D3B200233E8C /* TencentOpenAPI.framework */ = {isa = PBXFileReference; lastKnownFileType = wrapper.framework; path = TencentOpenAPI.framework; sourceTree = "<group>"; };
		7D9A9D3A1803D3B200233E8C /* libWeChatSDK.a */ = {isa = PBXFileReference; lastKnownFileType = archive.ar; path = libWeChatSDK.a; sourceTree = "<group>"; };
		7D9A9D3B1803D3B200233E8C /* WXApi.h */ = {isa = PBXFileReference; fileEncoding = 4; lastKnownFileType = sourcecode.c.h; path = WXApi.h; sourceTree = "<group>"; };
		7D9A9D3C1803D3B200233E8C /* WXApiObject.h */ = {isa = PBXFileReference; fileEncoding = 4; lastKnownFileType = sourcecode.c.h; path = WXApiObject.h; sourceTree = "<group>"; };
		7D9A9D3E1803D3B200233E8C /* UMSocial.h */ = {isa = PBXFileReference; fileEncoding = 4; lastKnownFileType = sourcecode.c.h; path = UMSocial.h; sourceTree = "<group>"; };
		7D9A9D3F1803D3B200233E8C /* UMSocialAccountManager.h */ = {isa = PBXFileReference; fileEncoding = 4; lastKnownFileType = sourcecode.c.h; path = UMSocialAccountManager.h; sourceTree = "<group>"; };
		7D9A9D401803D3B200233E8C /* UMSocialBar.h */ = {isa = PBXFileReference; fileEncoding = 4; lastKnownFileType = sourcecode.c.h; path = UMSocialBar.h; sourceTree = "<group>"; };
		7D9A9D411803D3B200233E8C /* UMSocialConfig.h */ = {isa = PBXFileReference; fileEncoding = 4; lastKnownFileType = sourcecode.c.h; path = UMSocialConfig.h; sourceTree = "<group>"; };
		7D9A9D421803D3B200233E8C /* UMSocialControllerService.h */ = {isa = PBXFileReference; fileEncoding = 4; lastKnownFileType = sourcecode.c.h; path = UMSocialControllerService.h; sourceTree = "<group>"; };
		7D9A9D431803D3B200233E8C /* UMSocialControllerServiceComment.h */ = {isa = PBXFileReference; fileEncoding = 4; lastKnownFileType = sourcecode.c.h; path = UMSocialControllerServiceComment.h; sourceTree = "<group>"; };
		7D9A9D441803D3B200233E8C /* UMSocialData.h */ = {isa = PBXFileReference; fileEncoding = 4; lastKnownFileType = sourcecode.c.h; path = UMSocialData.h; sourceTree = "<group>"; };
		7D9A9D451803D3B200233E8C /* UMSocialDataService.h */ = {isa = PBXFileReference; fileEncoding = 4; lastKnownFileType = sourcecode.c.h; path = UMSocialDataService.h; sourceTree = "<group>"; };
		7D9A9D461803D3B200233E8C /* UMSocialSnsPlatformManager.h */ = {isa = PBXFileReference; fileEncoding = 4; lastKnownFileType = sourcecode.c.h; path = UMSocialSnsPlatformManager.h; sourceTree = "<group>"; };
		7D9A9D471803D3B200233E8C /* UMSocialSnsService.h */ = {isa = PBXFileReference; fileEncoding = 4; lastKnownFileType = sourcecode.c.h; path = UMSocialSnsService.h; sourceTree = "<group>"; };
		7D9A9D481803D3B200233E8C /* libUMSocial_Sdk_3.0.a */ = {isa = PBXFileReference; lastKnownFileType = archive.ar; path = libUMSocial_Sdk_3.0.a; sourceTree = "<group>"; };
		7D9A9D491803D3B200233E8C /* libUMSocial_Sdk_Comment_3.0.a */ = {isa = PBXFileReference; lastKnownFileType = archive.ar; path = libUMSocial_Sdk_Comment_3.0.a; sourceTree = "<group>"; };
		7D9A9D4B1803D3B200233E8C /* UMSCommentDetailController.xib */ = {isa = PBXFileReference; fileEncoding = 4; lastKnownFileType = file.xib; path = UMSCommentDetailController.xib; sourceTree = "<group>"; };
		7D9A9D4C1803D3B200233E8C /* UMSCommentInputController.xib */ = {isa = PBXFileReference; fileEncoding = 4; lastKnownFileType = file.xib; path = UMSCommentInputController.xib; sourceTree = "<group>"; };
		7D9A9D4D1803D3B200233E8C /* UMSCommentInputControlleriPad.xib */ = {isa = PBXFileReference; fileEncoding = 4; lastKnownFileType = file.xib; path = UMSCommentInputControlleriPad.xib; sourceTree = "<group>"; };
		7D9A9D4E1803D3B200233E8C /* UMShareEditViewController.xib */ = {isa = PBXFileReference; fileEncoding = 4; lastKnownFileType = file.xib; path = UMShareEditViewController.xib; sourceTree = "<group>"; };
		7D9A9D4F1803D3B200233E8C /* UMShareEditViewControlleriPad.xib */ = {isa = PBXFileReference; fileEncoding = 4; lastKnownFileType = file.xib; path = UMShareEditViewControlleriPad.xib; sourceTree = "<group>"; };
		7D9A9D501803D3B200233E8C /* UMSLoginViewController.xib */ = {isa = PBXFileReference; fileEncoding = 4; lastKnownFileType = file.xib; path = UMSLoginViewController.xib; sourceTree = "<group>"; };
		7D9A9D511803D3B200233E8C /* UMSnsAccountViewController.xib */ = {isa = PBXFileReference; fileEncoding = 4; lastKnownFileType = file.xib; path = UMSnsAccountViewController.xib; sourceTree = "<group>"; };
		7D9A9D521803D3B200233E8C /* UMSShareListController.xib */ = {isa = PBXFileReference; fileEncoding = 4; lastKnownFileType = file.xib; path = UMSShareListController.xib; sourceTree = "<group>"; };
		7D9A9D531803D3B200233E8C /* UMSocialSDKResourcesNew.bundle */ = {isa = PBXFileReference; lastKnownFileType = "wrapper.plug-in"; path = UMSocialSDKResourcesNew.bundle; sourceTree = "<group>"; };
		7D9A9D541803D3B300233E8C /* zh-Hans */ = {isa = PBXFileReference; lastKnownFileType = text.plist.strings; name = "zh-Hans"; path = "zh-Hans.lproj/UMSocialLocalizable.strings"; sourceTree = "<group>"; };
		7D9A9D561803D3B300233E8C /* libMobClickLibrary.a */ = {isa = PBXFileReference; lastKnownFileType = archive.ar; path = libMobClickLibrary.a; sourceTree = "<group>"; };
		7D9A9D571803D3B300233E8C /* MobClick.h */ = {isa = PBXFileReference; fileEncoding = 4; lastKnownFileType = sourcecode.c.h; path = MobClick.h; sourceTree = "<group>"; };
		7D9A9D671803D42400233E8C /* libiconv.dylib */ = {isa = PBXFileReference; lastKnownFileType = "compiled.mach-o.dylib"; name = libiconv.dylib; path = usr/lib/libiconv.dylib; sourceTree = SDKROOT; };
		7D9A9D691803D43200233E8C /* SystemConfiguration.framework */ = {isa = PBXFileReference; lastKnownFileType = wrapper.framework; name = SystemConfiguration.framework; path = System/Library/Frameworks/SystemConfiguration.framework; sourceTree = SDKROOT; };
		7D9A9D6B1803D44200233E8C /* libsqlite3.dylib */ = {isa = PBXFileReference; lastKnownFileType = "compiled.mach-o.dylib"; name = libsqlite3.dylib; path = usr/lib/libsqlite3.dylib; sourceTree = SDKROOT; };
		7D9A9D6D1803D45100233E8C /* CoreTelephony.framework */ = {isa = PBXFileReference; lastKnownFileType = wrapper.framework; name = CoreTelephony.framework; path = System/Library/Frameworks/CoreTelephony.framework; sourceTree = SDKROOT; };
		7D9A9D6F1803D45C00233E8C /* libstdc++.dylib */ = {isa = PBXFileReference; lastKnownFileType = "compiled.mach-o.dylib"; name = "libstdc++.dylib"; path = "usr/lib/libstdc++.dylib"; sourceTree = SDKROOT; };
		7DA1F9FC1805710E007459B1 /* MenuViewController.h */ = {isa = PBXFileReference; fileEncoding = 4; lastKnownFileType = sourcecode.c.h; path = MenuViewController.h; sourceTree = "<group>"; };
		7DA1F9FD1805710E007459B1 /* MenuViewController.m */ = {isa = PBXFileReference; fileEncoding = 4; lastKnownFileType = sourcecode.c.objc; path = MenuViewController.m; sourceTree = "<group>"; };
		7DA1F9FE1805710E007459B1 /* MenuViewController.xib */ = {isa = PBXFileReference; fileEncoding = 4; lastKnownFileType = file.xib; path = MenuViewController.xib; sourceTree = "<group>"; };
		7DB87EE317DF05E8000EEBA2 /* QuartzCore.framework */ = {isa = PBXFileReference; lastKnownFileType = wrapper.framework; name = QuartzCore.framework; path = System/Library/Frameworks/QuartzCore.framework; sourceTree = SDKROOT; };
		7DB87EE517DF05F0000EEBA2 /* StoreKit.framework */ = {isa = PBXFileReference; lastKnownFileType = wrapper.framework; name = StoreKit.framework; path = System/Library/Frameworks/StoreKit.framework; sourceTree = SDKROOT; };
		7DB87EE717DF05F9000EEBA2 /* AVFoundation.framework */ = {isa = PBXFileReference; lastKnownFileType = wrapper.framework; name = AVFoundation.framework; path = System/Library/Frameworks/AVFoundation.framework; sourceTree = SDKROOT; };
		7DB87EE917DF0600000EEBA2 /* AudioToolbox.framework */ = {isa = PBXFileReference; lastKnownFileType = wrapper.framework; name = AudioToolbox.framework; path = System/Library/Frameworks/AudioToolbox.framework; sourceTree = SDKROOT; };
		7DE5E7641803FCA2001BB491 /* Icon.png */ = {isa = PBXFileReference; lastKnownFileType = image.png; path = Icon.png; sourceTree = "<group>"; };
		7DE5E7A218042383001BB491 /* MessageUI.framework */ = {isa = PBXFileReference; lastKnownFileType = wrapper.framework; name = MessageUI.framework; path = System/Library/Frameworks/MessageUI.framework; sourceTree = SDKROOT; };
		AFB2ACA6199075230067AA74 /* CoreAudio.framework */ = {isa = PBXFileReference; lastKnownFileType = wrapper.framework; name = CoreAudio.framework; path = System/Library/Frameworks/CoreAudio.framework; sourceTree = SDKROOT; };
		AFB2ACA9199076E90067AA74 /* AudioPlayer.h */ = {isa = PBXFileReference; fileEncoding = 4; lastKnownFileType = sourcecode.c.h; path = AudioPlayer.h; sourceTree = "<group>"; };
		AFB2ACAA199076E90067AA74 /* AudioPlayer.m */ = {isa = PBXFileReference; fileEncoding = 4; lastKnownFileType = sourcecode.c.objc; path = AudioPlayer.m; sourceTree = "<group>"; };
		AFB2F61A19A742830083E1ED /* TabManager.h */ = {isa = PBXFileReference; fileEncoding = 4; lastKnownFileType = sourcecode.c.h; path = TabManager.h; sourceTree = "<group>"; };
		AFB2F61B19A742830083E1ED /* TabManager.m */ = {isa = PBXFileReference; fileEncoding = 4; lastKnownFileType = sourcecode.c.objc; path = TabManager.m; sourceTree = "<group>"; };
		AFB568AC19D801B600F4E882 /* main.storyboard */ = {isa = PBXFileReference; fileEncoding = 4; lastKnownFileType = file.storyboard; name = main.storyboard; path = API/main.storyboard; sourceTree = "<group>"; };
		AFB568AF19D821D300F4E882 /* GridViewController.h */ = {isa = PBXFileReference; fileEncoding = 4; lastKnownFileType = sourcecode.c.h; path = GridViewController.h; sourceTree = "<group>"; };
		AFB568B019D821D300F4E882 /* GridViewController.m */ = {isa = PBXFileReference; fileEncoding = 4; lastKnownFileType = sourcecode.c.objc; path = GridViewController.m; sourceTree = "<group>"; };
		AFB568B319D8220400F4E882 /* GridLayout.h */ = {isa = PBXFileReference; fileEncoding = 4; lastKnownFileType = sourcecode.c.h; path = GridLayout.h; sourceTree = "<group>"; };
		AFB568B419D8220400F4E882 /* GridLayout.m */ = {isa = PBXFileReference; fileEncoding = 4; lastKnownFileType = sourcecode.c.objc; path = GridLayout.m; sourceTree = "<group>"; };
		AFB568B519D8220400F4E882 /* LineLayout.h */ = {isa = PBXFileReference; fileEncoding = 4; lastKnownFileType = sourcecode.c.h; path = LineLayout.h; sourceTree = "<group>"; };
		AFB568B619D8220400F4E882 /* LineLayout.m */ = {isa = PBXFileReference; fileEncoding = 4; lastKnownFileType = sourcecode.c.objc; path = LineLayout.m; sourceTree = "<group>"; };
		AFB568B719D8220400F4E882 /* CoverFlowLayout.h */ = {isa = PBXFileReference; fileEncoding = 4; lastKnownFileType = sourcecode.c.h; path = CoverFlowLayout.h; sourceTree = "<group>"; };
		AFB568B819D8220400F4E882 /* CoverFlowLayout.m */ = {isa = PBXFileReference; fileEncoding = 4; lastKnownFileType = sourcecode.c.objc; path = CoverFlowLayout.m; sourceTree = "<group>"; };
		AFB568B919D8220400F4E882 /* StacksLayout.h */ = {isa = PBXFileReference; fileEncoding = 4; lastKnownFileType = sourcecode.c.h; path = StacksLayout.h; sourceTree = "<group>"; };
		AFB568BA19D8220400F4E882 /* StacksLayout.m */ = {isa = PBXFileReference; fileEncoding = 4; lastKnownFileType = sourcecode.c.objc; path = StacksLayout.m; sourceTree = "<group>"; };
		AFB568BB19D8220400F4E882 /* SpiralLayout.h */ = {isa = PBXFileReference; fileEncoding = 4; lastKnownFileType = sourcecode.c.h; path = SpiralLayout.h; sourceTree = "<group>"; };
		AFB568BC19D8220400F4E882 /* SpiralLayout.m */ = {isa = PBXFileReference; fileEncoding = 4; lastKnownFileType = sourcecode.c.objc; path = SpiralLayout.m; sourceTree = "<group>"; };
		AFB8251E1981028900EEF055 /* RandomUtil.h */ = {isa = PBXFileReference; fileEncoding = 4; lastKnownFileType = sourcecode.c.h; path = RandomUtil.h; sourceTree = "<group>"; };
		AFB8251F1981028900EEF055 /* RandomUtil.m */ = {isa = PBXFileReference; fileEncoding = 4; lastKnownFileType = sourcecode.c.objc; path = RandomUtil.m; sourceTree = "<group>"; };
		AFB825211981031100EEF055 /* CommonEx.h */ = {isa = PBXFileReference; fileEncoding = 4; lastKnownFileType = sourcecode.c.h; path = CommonEx.h; sourceTree = "<group>"; };
		AFB825221981031100EEF055 /* CommonEx.m */ = {isa = PBXFileReference; fileEncoding = 4; lastKnownFileType = sourcecode.c.objc; path = CommonEx.m; sourceTree = "<group>"; };
		AFB825231981031100EEF055 /* TimeUtil.h */ = {isa = PBXFileReference; fileEncoding = 4; lastKnownFileType = sourcecode.c.h; path = TimeUtil.h; sourceTree = "<group>"; };
		AFB825241981031100EEF055 /* TimeUtil.m */ = {isa = PBXFileReference; fileEncoding = 4; lastKnownFileType = sourcecode.c.objc; path = TimeUtil.m; sourceTree = "<group>"; };
		AFB82542198104C800EEF055 /* button.jpg */ = {isa = PBXFileReference; lastKnownFileType = image.jpeg; path = button.jpg; sourceTree = "<group>"; };
		AFB82543198104C800EEF055 /* CoverProgressView.h */ = {isa = PBXFileReference; fileEncoding = 4; lastKnownFileType = sourcecode.c.h; path = CoverProgressView.h; sourceTree = "<group>"; };
		AFB82544198104C800EEF055 /* CoverProgressView.m */ = {isa = PBXFileReference; fileEncoding = 4; lastKnownFileType = sourcecode.c.objc; path = CoverProgressView.m; sourceTree = "<group>"; };
		AFB82545198104C800EEF055 /* detalle.png */ = {isa = PBXFileReference; lastKnownFileType = image.png; path = detalle.png; sourceTree = "<group>"; };
		AFB82546198104C800EEF055 /* MBProgressHUD.h */ = {isa = PBXFileReference; fileEncoding = 4; lastKnownFileType = sourcecode.c.h; path = MBProgressHUD.h; sourceTree = "<group>"; };
		AFB82547198104C800EEF055 /* MBProgressHUD.m */ = {isa = PBXFileReference; fileEncoding = 4; lastKnownFileType = sourcecode.c.objc; path = MBProgressHUD.m; sourceTree = "<group>"; };
		AFB8254A198104C800EEF055 /* NumberView.h */ = {isa = PBXFileReference; fileEncoding = 4; lastKnownFileType = sourcecode.c.h; path = NumberView.h; sourceTree = "<group>"; };
		AFB8254B198104C800EEF055 /* NumberView.m */ = {isa = PBXFileReference; fileEncoding = 4; lastKnownFileType = sourcecode.c.objc; path = NumberView.m; sourceTree = "<group>"; };
		AFB8254E198104C800EEF055 /* ViewGroup.h */ = {isa = PBXFileReference; fileEncoding = 4; lastKnownFileType = sourcecode.c.h; path = ViewGroup.h; sourceTree = "<group>"; };
		AFB8254F198104C800EEF055 /* ViewGroup.m */ = {isa = PBXFileReference; fileEncoding = 4; lastKnownFileType = sourcecode.c.objc; path = ViewGroup.m; sourceTree = "<group>"; };
		AFB82550198104C800EEF055 /* WStepper.h */ = {isa = PBXFileReference; fileEncoding = 4; lastKnownFileType = sourcecode.c.h; path = WStepper.h; sourceTree = "<group>"; };
		AFB82551198104C800EEF055 /* WStepper.m */ = {isa = PBXFileReference; fileEncoding = 4; lastKnownFileType = sourcecode.c.objc; path = WStepper.m; sourceTree = "<group>"; };
		AFB8255B198104E300EEF055 /* ShareManager.h */ = {isa = PBXFileReference; fileEncoding = 4; lastKnownFileType = sourcecode.c.h; path = ShareManager.h; sourceTree = "<group>"; };
		AFB8255C198104E300EEF055 /* ShareManager.m */ = {isa = PBXFileReference; fileEncoding = 4; lastKnownFileType = sourcecode.c.objc; path = ShareManager.m; sourceTree = "<group>"; };
		AFB825611981064F00EEF055 /* SoundEffect.h */ = {isa = PBXFileReference; fileEncoding = 4; lastKnownFileType = sourcecode.c.h; path = SoundEffect.h; sourceTree = "<group>"; };
		AFB825621981064F00EEF055 /* SoundEffect.m */ = {isa = PBXFileReference; fileEncoding = 4; lastKnownFileType = sourcecode.c.objc; path = SoundEffect.m; sourceTree = "<group>"; };
		AFB825631981064F00EEF055 /* UIButtonEx.h */ = {isa = PBXFileReference; fileEncoding = 4; lastKnownFileType = sourcecode.c.h; path = UIButtonEx.h; sourceTree = "<group>"; };
		AFB825641981064F00EEF055 /* UIButtonEx.m */ = {isa = PBXFileReference; fileEncoding = 4; lastKnownFileType = sourcecode.c.objc; path = UIButtonEx.m; sourceTree = "<group>"; };
		AFB8256F19810CEA00EEF055 /* citydict.plist */ = {isa = PBXFileReference; fileEncoding = 4; lastKnownFileType = text.plist.xml; path = citydict.plist; sourceTree = "<group>"; };
		AFB8257019810CEA00EEF055 /* CityPickerViewController.h */ = {isa = PBXFileReference; fileEncoding = 4; lastKnownFileType = sourcecode.c.h; path = CityPickerViewController.h; sourceTree = "<group>"; };
		AFB8257119810CEA00EEF055 /* CityPickerViewController.m */ = {isa = PBXFileReference; fileEncoding = 4; lastKnownFileType = sourcecode.c.objc; path = CityPickerViewController.m; sourceTree = "<group>"; };
		AFB8257219810CEA00EEF055 /* DateEx.h */ = {isa = PBXFileReference; fileEncoding = 4; lastKnownFileType = sourcecode.c.h; path = DateEx.h; sourceTree = "<group>"; };
		AFB8257319810CEA00EEF055 /* DateEx.m */ = {isa = PBXFileReference; fileEncoding = 4; lastKnownFileType = sourcecode.c.objc; path = DateEx.m; sourceTree = "<group>"; };
		AFB8257419810CEA00EEF055 /* IndexNamesViewController.h */ = {isa = PBXFileReference; fileEncoding = 4; lastKnownFileType = sourcecode.c.h; path = IndexNamesViewController.h; sourceTree = "<group>"; };
		AFB8257519810CEA00EEF055 /* IndexNamesViewController.m */ = {isa = PBXFileReference; fileEncoding = 4; lastKnownFileType = sourcecode.c.objc; path = IndexNamesViewController.m; sourceTree = "<group>"; };
		AFB8257619810CEA00EEF055 /* IndexNamesViewController.xib */ = {isa = PBXFileReference; fileEncoding = 4; lastKnownFileType = file.xib; path = IndexNamesViewController.xib; sourceTree = "<group>"; };
		AFB8257719810CEA00EEF055 /* LineSwitch.h */ = {isa = PBXFileReference; fileEncoding = 4; lastKnownFileType = sourcecode.c.h; path = LineSwitch.h; sourceTree = "<group>"; };
		AFB8257819810CEA00EEF055 /* LineSwitch.m */ = {isa = PBXFileReference; fileEncoding = 4; lastKnownFileType = sourcecode.c.objc; path = LineSwitch.m; sourceTree = "<group>"; };
		AFB8257919810CEA00EEF055 /* LineSwitch.xib */ = {isa = PBXFileReference; fileEncoding = 4; lastKnownFileType = file.xib; path = LineSwitch.xib; sourceTree = "<group>"; };
		AFB8257A19810CEA00EEF055 /* StringEx.h */ = {isa = PBXFileReference; fileEncoding = 4; lastKnownFileType = sourcecode.c.h; path = StringEx.h; sourceTree = "<group>"; };
		AFB8257B19810CEA00EEF055 /* StringEx.m */ = {isa = PBXFileReference; fileEncoding = 4; lastKnownFileType = sourcecode.c.objc; path = StringEx.m; sourceTree = "<group>"; };
		AFB8264A198123AF00EEF055 /* LifeManager.h */ = {isa = PBXFileReference; fileEncoding = 4; lastKnownFileType = sourcecode.c.h; path = LifeManager.h; sourceTree = "<group>"; };
		AFB8264B198123AF00EEF055 /* LifeManager.m */ = {isa = PBXFileReference; fileEncoding = 4; lastKnownFileType = sourcecode.c.objc; path = LifeManager.m; sourceTree = "<group>"; };
		AFB8264C198123AF00EEF055 /* LifeManagerViewController.h */ = {isa = PBXFileReference; fileEncoding = 4; lastKnownFileType = sourcecode.c.h; path = LifeManagerViewController.h; sourceTree = "<group>"; };
		AFB8264D198123AF00EEF055 /* LifeManagerViewController.m */ = {isa = PBXFileReference; fileEncoding = 4; lastKnownFileType = sourcecode.c.objc; path = LifeManagerViewController.m; sourceTree = "<group>"; };
		AFB8264E198123AF00EEF055 /* LifeManagerViewController.xib */ = {isa = PBXFileReference; fileEncoding = 4; lastKnownFileType = file.xib; path = LifeManagerViewController.xib; sourceTree = "<group>"; };
		AFB8264F198123AF00EEF055 /* WLifeManager.h */ = {isa = PBXFileReference; fileEncoding = 4; lastKnownFileType = sourcecode.c.h; path = WLifeManager.h; sourceTree = "<group>"; };
		AFB82650198123AF00EEF055 /* WLifeManager.m */ = {isa = PBXFileReference; fileEncoding = 4; lastKnownFileType = sourcecode.c.objc; path = WLifeManager.m; sourceTree = "<group>"; };
		AFB826551981247500EEF055 /* ImageUtil.h */ = {isa = PBXFileReference; fileEncoding = 4; lastKnownFileType = sourcecode.c.h; name = ImageUtil.h; path = Utils/ImageUtil.h; sourceTree = "<group>"; };
		AFB826561981247500EEF055 /* ImageUtil.m */ = {isa = PBXFileReference; fileEncoding = 4; lastKnownFileType = sourcecode.c.objc; name = ImageUtil.m; path = Utils/ImageUtil.m; sourceTree = "<group>"; };
		AFB8265A1981248600EEF055 /* FacebookViewController.h */ = {isa = PBXFileReference; fileEncoding = 4; lastKnownFileType = sourcecode.c.h; path = FacebookViewController.h; sourceTree = "<group>"; };
		AFB8265B1981248600EEF055 /* FacebookViewController.m */ = {isa = PBXFileReference; fileEncoding = 4; lastKnownFileType = sourcecode.c.objc; path = FacebookViewController.m; sourceTree = "<group>"; };
		AFB8265C1981248600EEF055 /* FacebookViewController.xib */ = {isa = PBXFileReference; fileEncoding = 4; lastKnownFileType = file.xib; path = FacebookViewController.xib; sourceTree = "<group>"; };
		AFB8265D1981248600EEF055 /* FBManager.h */ = {isa = PBXFileReference; fileEncoding = 4; lastKnownFileType = sourcecode.c.h; path = FBManager.h; sourceTree = "<group>"; };
		AFB8265E1981248600EEF055 /* FBManager.m */ = {isa = PBXFileReference; fileEncoding = 4; lastKnownFileType = sourcecode.c.objc; path = FBManager.m; sourceTree = "<group>"; };
		AFB826651981248600EEF055 /* InAppPurchaseViewController.h */ = {isa = PBXFileReference; fileEncoding = 4; lastKnownFileType = sourcecode.c.h; path = InAppPurchaseViewController.h; sourceTree = "<group>"; };
		AFB826661981248600EEF055 /* InAppPurchaseViewController.m */ = {isa = PBXFileReference; fileEncoding = 4; lastKnownFileType = sourcecode.c.objc; path = InAppPurchaseViewController.m; sourceTree = "<group>"; };
		AFB826671981248600EEF055 /* InAppPurchaseViewController.xib */ = {isa = PBXFileReference; fileEncoding = 4; lastKnownFileType = file.xib; path = InAppPurchaseViewController.xib; sourceTree = "<group>"; };
		AFB826681981248600EEF055 /* InAppPurchaser.h */ = {isa = PBXFileReference; fileEncoding = 4; lastKnownFileType = sourcecode.c.h; path = InAppPurchaser.h; sourceTree = "<group>"; };
		AFB826691981248600EEF055 /* InAppPurchaser.m */ = {isa = PBXFileReference; fileEncoding = 4; lastKnownFileType = sourcecode.c.objc; path = InAppPurchaser.m; sourceTree = "<group>"; };
		AFB8266A1981248600EEF055 /* InAppPurchaserApple.h */ = {isa = PBXFileReference; fileEncoding = 4; lastKnownFileType = sourcecode.c.h; path = InAppPurchaserApple.h; sourceTree = "<group>"; };
		AFB8266B1981248600EEF055 /* InAppPurchaserApple.m */ = {isa = PBXFileReference; fileEncoding = 4; lastKnownFileType = sourcecode.c.objc; path = InAppPurchaserApple.m; sourceTree = "<group>"; };
		AFB8266C1981248600EEF055 /* Readme.txt */ = {isa = PBXFileReference; fileEncoding = 4; lastKnownFileType = text; path = Readme.txt; sourceTree = "<group>"; };
		AFB8266E1981248600EEF055 /* NotificationManager.h */ = {isa = PBXFileReference; fileEncoding = 4; lastKnownFileType = sourcecode.c.h; path = NotificationManager.h; sourceTree = "<group>"; };
		AFB8266F1981248600EEF055 /* NotificationManager.m */ = {isa = PBXFileReference; fileEncoding = 4; lastKnownFileType = sourcecode.c.objc; path = NotificationManager.m; sourceTree = "<group>"; };
		AFB826701981248600EEF055 /* NotificationViewController.h */ = {isa = PBXFileReference; fileEncoding = 4; lastKnownFileType = sourcecode.c.h; path = NotificationViewController.h; sourceTree = "<group>"; };
		AFB826711981248600EEF055 /* NotificationViewController.m */ = {isa = PBXFileReference; fileEncoding = 4; lastKnownFileType = sourcecode.c.objc; path = NotificationViewController.m; sourceTree = "<group>"; };
		AFB826721981248600EEF055 /* NotificationViewController.xib */ = {isa = PBXFileReference; fileEncoding = 4; lastKnownFileType = file.xib; path = NotificationViewController.xib; sourceTree = "<group>"; };
		AFB826801981281E00EEF055 /* NaviCoverView.h */ = {isa = PBXFileReference; fileEncoding = 4; lastKnownFileType = sourcecode.c.h; path = NaviCoverView.h; sourceTree = "<group>"; };
		AFB826811981281E00EEF055 /* NaviCoverView.m */ = {isa = PBXFileReference; fileEncoding = 4; lastKnownFileType = sourcecode.c.objc; path = NaviCoverView.m; sourceTree = "<group>"; };
		AFB826831981281E00EEF055 /* DataManager.h */ = {isa = PBXFileReference; fileEncoding = 4; lastKnownFileType = sourcecode.c.h; path = DataManager.h; sourceTree = "<group>"; };
		AFB826841981281E00EEF055 /* DataManager.m */ = {isa = PBXFileReference; fileEncoding = 4; lastKnownFileType = sourcecode.c.objc; path = DataManager.m; sourceTree = "<group>"; };
		AFB826851981281E00EEF055 /* game_data.json */ = {isa = PBXFileReference; fileEncoding = 4; lastKnownFileType = text.json; path = game_data.json; sourceTree = "<group>"; };
		AFB826861981281E00EEF055 /* game_levels.json */ = {isa = PBXFileReference; fileEncoding = 4; lastKnownFileType = text.json; path = game_levels.json; sourceTree = "<group>"; };
		AFB826871981281E00EEF055 /* GameData.h */ = {isa = PBXFileReference; fileEncoding = 4; lastKnownFileType = sourcecode.c.h; path = GameData.h; sourceTree = "<group>"; };
		AFB826881981281E00EEF055 /* GameData.m */ = {isa = PBXFileReference; fileEncoding = 4; lastKnownFileType = sourcecode.c.objc; path = GameData.m; sourceTree = "<group>"; };
		AFB826891981281E00EEF055 /* GameLevel.h */ = {isa = PBXFileReference; fileEncoding = 4; lastKnownFileType = sourcecode.c.h; path = GameLevel.h; sourceTree = "<group>"; };
		AFB8268A1981281E00EEF055 /* GameLevel.m */ = {isa = PBXFileReference; fileEncoding = 4; lastKnownFileType = sourcecode.c.objc; path = GameLevel.m; sourceTree = "<group>"; };
		AFB8268B1981281E00EEF055 /* GameManager.h */ = {isa = PBXFileReference; fileEncoding = 4; lastKnownFileType = sourcecode.c.h; path = GameManager.h; sourceTree = "<group>"; };
		AFB8268C1981281E00EEF055 /* GameManager.m */ = {isa = PBXFileReference; fileEncoding = 4; lastKnownFileType = sourcecode.c.objc; path = GameManager.m; sourceTree = "<group>"; };
		AFB8268E1981281E00EEF055 /* ViewCommonComputer.h */ = {isa = PBXFileReference; fileEncoding = 4; lastKnownFileType = sourcecode.c.h; path = ViewCommonComputer.h; sourceTree = "<group>"; };
		AFB8268F1981281E00EEF055 /* ViewCommonComputer.m */ = {isa = PBXFileReference; fileEncoding = 4; lastKnownFileType = sourcecode.c.objc; path = ViewCommonComputer.m; sourceTree = "<group>"; };
		AFB832B41989F51F007A71DC /* LoadMoreControl.h */ = {isa = PBXFileReference; fileEncoding = 4; lastKnownFileType = sourcecode.c.h; path = LoadMoreControl.h; sourceTree = "<group>"; };
		AFB832B51989F51F007A71DC /* LoadMoreControl.m */ = {isa = PBXFileReference; fileEncoding = 4; lastKnownFileType = sourcecode.c.objc; path = LoadMoreControl.m; sourceTree = "<group>"; };
		AFBD287E198F2F6700EEDD5B /* AnimationUtil.h */ = {isa = PBXFileReference; fileEncoding = 4; lastKnownFileType = sourcecode.c.h; path = AnimationUtil.h; sourceTree = "<group>"; };
		AFBD287F198F2F6700EEDD5B /* AnimationUtil.m */ = {isa = PBXFileReference; fileEncoding = 4; lastKnownFileType = sourcecode.c.objc; path = AnimationUtil.m; sourceTree = "<group>"; };
		AFBD2881198F301000EEDD5B /* FruitSlotsView.h */ = {isa = PBXFileReference; fileEncoding = 4; lastKnownFileType = sourcecode.c.h; path = FruitSlotsView.h; sourceTree = "<group>"; };
		AFBD2882198F301000EEDD5B /* FruitSlotsView.m */ = {isa = PBXFileReference; fileEncoding = 4; lastKnownFileType = sourcecode.c.objc; path = FruitSlotsView.m; sourceTree = "<group>"; };
		AFBD2884198F4F9600EEDD5B /* FruitSlotsViewController.h */ = {isa = PBXFileReference; fileEncoding = 4; lastKnownFileType = sourcecode.c.h; path = FruitSlotsViewController.h; sourceTree = "<group>"; };
		AFBD2885198F4F9600EEDD5B /* FruitSlotsViewController.m */ = {isa = PBXFileReference; fileEncoding = 4; lastKnownFileType = sourcecode.c.objc; path = FruitSlotsViewController.m; sourceTree = "<group>"; };
		AFBD2886198F4F9600EEDD5B /* FruitSlotsViewController.xib */ = {isa = PBXFileReference; fileEncoding = 4; lastKnownFileType = file.xib; path = FruitSlotsViewController.xib; sourceTree = "<group>"; };
		AFD061FA19D8F2D500F6F768 /* ConferenceLayoutAttributes.h */ = {isa = PBXFileReference; fileEncoding = 4; lastKnownFileType = sourcecode.c.h; path = ConferenceLayoutAttributes.h; sourceTree = "<group>"; };
		AFD061FB19D8F2D500F6F768 /* ConferenceLayoutAttributes.m */ = {isa = PBXFileReference; fileEncoding = 4; lastKnownFileType = sourcecode.c.objc; path = ConferenceLayoutAttributes.m; sourceTree = "<group>"; };
		AFD061FD19D8F2F700F6F768 /* SpeakerCell.h */ = {isa = PBXFileReference; fileEncoding = 4; lastKnownFileType = sourcecode.c.h; path = SpeakerCell.h; sourceTree = "<group>"; };
		AFD061FE19D8F2F700F6F768 /* SpeakerCell.m */ = {isa = PBXFileReference; fileEncoding = 4; lastKnownFileType = sourcecode.c.objc; path = SpeakerCell.m; sourceTree = "<group>"; };
		AFD061FF19D8F2F700F6F768 /* ConferenceHeader.h */ = {isa = PBXFileReference; fileEncoding = 4; lastKnownFileType = sourcecode.c.h; path = ConferenceHeader.h; sourceTree = "<group>"; };
		AFD0620019D8F2F700F6F768 /* ConferenceHeader.m */ = {isa = PBXFileReference; fileEncoding = 4; lastKnownFileType = sourcecode.c.objc; path = ConferenceHeader.m; sourceTree = "<group>"; };
		AFD0620119D8F2F700F6F768 /* StarRatingFooter.h */ = {isa = PBXFileReference; fileEncoding = 4; lastKnownFileType = sourcecode.c.h; path = StarRatingFooter.h; sourceTree = "<group>"; };
		AFD0620219D8F2F700F6F768 /* StarRatingFooter.m */ = {isa = PBXFileReference; fileEncoding = 4; lastKnownFileType = sourcecode.c.objc; path = StarRatingFooter.m; sourceTree = "<group>"; };
		AFD0620319D8F2F700F6F768 /* MaskingTapeView.h */ = {isa = PBXFileReference; fileEncoding = 4; lastKnownFileType = sourcecode.c.h; path = MaskingTapeView.h; sourceTree = "<group>"; };
		AFD0620419D8F2F700F6F768 /* MaskingTapeView.m */ = {isa = PBXFileReference; fileEncoding = 4; lastKnownFileType = sourcecode.c.objc; path = MaskingTapeView.m; sourceTree = "<group>"; };
		AFD0620919D8F30E00F6F768 /* Conference.h */ = {isa = PBXFileReference; fileEncoding = 4; lastKnownFileType = sourcecode.c.h; path = Conference.h; sourceTree = "<group>"; };
		AFD0620A19D8F30E00F6F768 /* Conference.m */ = {isa = PBXFileReference; fileEncoding = 4; lastKnownFileType = sourcecode.c.objc; path = Conference.m; sourceTree = "<group>"; };
		AFD0620B19D8F30E00F6F768 /* NSDate+Helpers.h */ = {isa = PBXFileReference; fileEncoding = 4; lastKnownFileType = sourcecode.c.h; path = "NSDate+Helpers.h"; sourceTree = "<group>"; };
		AFD0620C19D8F30E00F6F768 /* NSDate+Helpers.m */ = {isa = PBXFileReference; fileEncoding = 4; lastKnownFileType = sourcecode.c.objc; path = "NSDate+Helpers.m"; sourceTree = "<group>"; };
		AFD0620D19D8F30E00F6F768 /* CocoaConf.h */ = {isa = PBXFileReference; fileEncoding = 4; lastKnownFileType = sourcecode.c.h; path = CocoaConf.h; sourceTree = "<group>"; };
		AFD0620E19D8F30E00F6F768 /* CocoaConf.m */ = {isa = PBXFileReference; fileEncoding = 4; lastKnownFileType = sourcecode.c.objc; path = CocoaConf.m; sourceTree = "<group>"; };
		AFD0620F19D8F30E00F6F768 /* ShelfView.h */ = {isa = PBXFileReference; fileEncoding = 4; lastKnownFileType = sourcecode.c.h; path = ShelfView.h; sourceTree = "<group>"; };
		AFD0621019D8F30E00F6F768 /* ShelfView.m */ = {isa = PBXFileReference; fileEncoding = 4; lastKnownFileType = sourcecode.c.objc; path = ShelfView.m; sourceTree = "<group>"; };
		AFD0621119D8F30E00F6F768 /* MPAnimation.h */ = {isa = PBXFileReference; fileEncoding = 4; lastKnownFileType = sourcecode.c.h; path = MPAnimation.h; sourceTree = "<group>"; };
		AFD0621219D8F30E00F6F768 /* MPAnimation.m */ = {isa = PBXFileReference; fileEncoding = 4; lastKnownFileType = sourcecode.c.objc; path = MPAnimation.m; sourceTree = "<group>"; };
		AFD0621819D8F4C000F6F768 /* WGridLayout.h */ = {isa = PBXFileReference; fileEncoding = 4; lastKnownFileType = sourcecode.c.h; path = WGridLayout.h; sourceTree = "<group>"; };
		AFD0621919D8F4C000F6F768 /* WGridLayout.m */ = {isa = PBXFileReference; fileEncoding = 4; lastKnownFileType = sourcecode.c.objc; path = WGridLayout.m; sourceTree = "<group>"; };
		AFD0621B19D909B200F6F768 /* Default.xib */ = {isa = PBXFileReference; fileEncoding = 4; lastKnownFileType = file.xib; path = Default.xib; sourceTree = "<group>"; };
/* End PBXFileReference section */

/* Begin PBXFrameworksBuildPhase section */
		7D483FFC17C5BD44009AC184 /* Frameworks */ = {
			isa = PBXFrameworksBuildPhase;
			buildActionMask = 2147483647;
			files = (
				AFB2ACA7199075230067AA74 /* CoreAudio.framework in Frameworks */,
				7D9A96FB18123D0300E75B0D /* Social.framework in Frameworks */,
				7DE5E7A318042383001BB491 /* MessageUI.framework in Frameworks */,
				7D9A96F018122F9600E75B0D /* FacebookSDK.framework in Frameworks */,
				7D9A9D701803D45C00233E8C /* libstdc++.dylib in Frameworks */,
				7D9A9D6E1803D45200233E8C /* CoreTelephony.framework in Frameworks */,
				7D9A9D6C1803D44200233E8C /* libsqlite3.dylib in Frameworks */,
				7D9A9D6A1803D43200233E8C /* SystemConfiguration.framework in Frameworks */,
				7D9A9D681803D42400233E8C /* libiconv.dylib in Frameworks */,
				7D9A9D1B1803A01A00233E8C /* libz.dylib in Frameworks */,
				7D9A9D591803D3B300233E8C /* TencentOpenAPI.framework in Frameworks */,
				7D9A9D661803D3B300233E8C /* libMobClickLibrary.a in Frameworks */,
				7DB87EEA17DF0600000EEBA2 /* AudioToolbox.framework in Frameworks */,
				7DB87EE817DF05F9000EEBA2 /* AVFoundation.framework in Frameworks */,
				7D9A9D5A1803D3B300233E8C /* libWeChatSDK.a in Frameworks */,
				7DB87EE617DF05F0000EEBA2 /* StoreKit.framework in Frameworks */,
				7D9A9D5B1803D3B300233E8C /* libUMSocial_Sdk_3.0.a in Frameworks */,
				7D9A9D5C1803D3B300233E8C /* libUMSocial_Sdk_Comment_3.0.a in Frameworks */,
				7DB87EE417DF05E8000EEBA2 /* QuartzCore.framework in Frameworks */,
				7D48400317C5BD44009AC184 /* UIKit.framework in Frameworks */,
				7D48400517C5BD44009AC184 /* Foundation.framework in Frameworks */,
				7D48400717C5BD44009AC184 /* CoreGraphics.framework in Frameworks */,
			);
			runOnlyForDeploymentPostprocessing = 0;
		};
/* End PBXFrameworksBuildPhase section */

/* Begin PBXGroup section */
		7D483FF617C5BD44009AC184 = {
			isa = PBXGroup;
			children = (
				7D48400817C5BD44009AC184 /* WAYNE_IOS_SDK */,
				7D48400117C5BD44009AC184 /* Frameworks */,
				7D48400017C5BD44009AC184 /* Products */,
			);
			sourceTree = "<group>";
		};
		7D48400017C5BD44009AC184 /* Products */ = {
			isa = PBXGroup;
			children = (
				7D483FFF17C5BD44009AC184 /* WAYNE_IOS_SDK.app */,
			);
			name = Products;
			sourceTree = "<group>";
		};
		7D48400117C5BD44009AC184 /* Frameworks */ = {
			isa = PBXGroup;
			children = (
				AFB2ACA6199075230067AA74 /* CoreAudio.framework */,
				7D9A96FA18123D0300E75B0D /* Social.framework */,
				7D9A96EF18122F9600E75B0D /* FacebookSDK.framework */,
				7DE5E7A218042383001BB491 /* MessageUI.framework */,
				7D9A9D6F1803D45C00233E8C /* libstdc++.dylib */,
				7D9A9D6D1803D45100233E8C /* CoreTelephony.framework */,
				7D9A9D6B1803D44200233E8C /* libsqlite3.dylib */,
				7D9A9D691803D43200233E8C /* SystemConfiguration.framework */,
				7D9A9D671803D42400233E8C /* libiconv.dylib */,
				7D9A9D1A1803A01A00233E8C /* libz.dylib */,
				7DB87EE917DF0600000EEBA2 /* AudioToolbox.framework */,
				7DB87EE717DF05F9000EEBA2 /* AVFoundation.framework */,
				7DB87EE517DF05F0000EEBA2 /* StoreKit.framework */,
				7DB87EE317DF05E8000EEBA2 /* QuartzCore.framework */,
				7D48400217C5BD44009AC184 /* UIKit.framework */,
				7D48400417C5BD44009AC184 /* Foundation.framework */,
				7D48400617C5BD44009AC184 /* CoreGraphics.framework */,
			);
			name = Frameworks;
			sourceTree = "<group>";
		};
		7D48400817C5BD44009AC184 /* WAYNE_IOS_SDK */ = {
			isa = PBXGroup;
			children = (
				7D48401117C5BD45009AC184 /* AppDelegate.h */,
				7D48401217C5BD45009AC184 /* AppDelegate.m */,
				7DA1F9FC1805710E007459B1 /* MenuViewController.h */,
				7DA1F9FD1805710E007459B1 /* MenuViewController.m */,
				7DA1F9FE1805710E007459B1 /* MenuViewController.xib */,
				AFB568AC19D801B600F4E882 /* main.storyboard */,
				AFD0621B19D909B200F6F768 /* Default.xib */,
				AFB826581981248600EEF055 /* API */,
				AFB82541198104C800EEF055 /* Views */,
				AFB8251D1981021300EEF055 /* Utils */,
				7D48400917C5BD44009AC184 /* Supporting Files */,
			);
			path = WAYNE_IOS_SDK;
			sourceTree = "<group>";
		};
		7D48400917C5BD44009AC184 /* Supporting Files */ = {
			isa = PBXGroup;
			children = (
				7D9A9D1518039FD100233E8C /* libs */,
				7D48400A17C5BD44009AC184 /* WAYNE_IOS_SDK-Info.plist */,
				7D48400B17C5BD44009AC184 /* InfoPlist.strings */,
				7D48400E17C5BD44009AC184 /* main.m */,
				7D48401017C5BD44009AC184 /* WAYNE_IOS_SDK-Prefix.pch */,
				7DE5E7641803FCA2001BB491 /* Icon.png */,
				7D48401817C5BD45009AC184 /* Default-568h@2x.png */,
			);
			name = "Supporting Files";
			sourceTree = "<group>";
		};
		7D9A9D1518039FD100233E8C /* libs */ = {
			isa = PBXGroup;
			children = (
				7D9A9D1618039FD100233E8C /* UMeng */,
			);
			path = libs;
			sourceTree = "<group>";
		};
		7D9A9D1618039FD100233E8C /* UMeng */ = {
			isa = PBXGroup;
			children = (
				7D9A9D331803D3B200233E8C /* UMSocial_Sdk_3.0 */,
				7D9A9D551803D3B300233E8C /* UMAnalytics_Sdk_2.2.1.OpenUDID */,
			);
			path = UMeng;
			sourceTree = "<group>";
		};
		7D9A9D331803D3B200233E8C /* UMSocial_Sdk_3.0 */ = {
			isa = PBXGroup;
			children = (
				7D9A9D341803D3B200233E8C /* UMSocialLocalizable.strings */,
				7D9A9D361803D3B200233E8C /* frameworks */,
				7D9A9D3D1803D3B200233E8C /* Header */,
				7D9A9D481803D3B200233E8C /* libUMSocial_Sdk_3.0.a */,
				7D9A9D491803D3B200233E8C /* libUMSocial_Sdk_Comment_3.0.a */,
				7D9A9D4A1803D3B200233E8C /* SocialSDKXib */,
				7D9A9D531803D3B200233E8C /* UMSocialSDKResourcesNew.bundle */,
			);
			path = UMSocial_Sdk_3.0;
			sourceTree = "<group>";
		};
		7D9A9D361803D3B200233E8C /* frameworks */ = {
			isa = PBXGroup;
			children = (
				7D9A9D371803D3B200233E8C /* TencentOpenAPI */,
				7D9A9D391803D3B200233E8C /* Wechat */,
			);
			path = frameworks;
			sourceTree = "<group>";
		};
		7D9A9D371803D3B200233E8C /* TencentOpenAPI */ = {
			isa = PBXGroup;
			children = (
				7D9A9D381803D3B200233E8C /* TencentOpenAPI.framework */,
			);
			path = TencentOpenAPI;
			sourceTree = "<group>";
		};
		7D9A9D391803D3B200233E8C /* Wechat */ = {
			isa = PBXGroup;
			children = (
				7D9A9D3A1803D3B200233E8C /* libWeChatSDK.a */,
				7D9A9D3B1803D3B200233E8C /* WXApi.h */,
				7D9A9D3C1803D3B200233E8C /* WXApiObject.h */,
			);
			path = Wechat;
			sourceTree = "<group>";
		};
		7D9A9D3D1803D3B200233E8C /* Header */ = {
			isa = PBXGroup;
			children = (
				7D9A9D3E1803D3B200233E8C /* UMSocial.h */,
				7D9A9D3F1803D3B200233E8C /* UMSocialAccountManager.h */,
				7D9A9D401803D3B200233E8C /* UMSocialBar.h */,
				7D9A9D411803D3B200233E8C /* UMSocialConfig.h */,
				7D9A9D421803D3B200233E8C /* UMSocialControllerService.h */,
				7D9A9D431803D3B200233E8C /* UMSocialControllerServiceComment.h */,
				7D9A9D441803D3B200233E8C /* UMSocialData.h */,
				7D9A9D451803D3B200233E8C /* UMSocialDataService.h */,
				7D9A9D461803D3B200233E8C /* UMSocialSnsPlatformManager.h */,
				7D9A9D471803D3B200233E8C /* UMSocialSnsService.h */,
			);
			path = Header;
			sourceTree = "<group>";
		};
		7D9A9D4A1803D3B200233E8C /* SocialSDKXib */ = {
			isa = PBXGroup;
			children = (
				7D9A9D4B1803D3B200233E8C /* UMSCommentDetailController.xib */,
				7D9A9D4C1803D3B200233E8C /* UMSCommentInputController.xib */,
				7D9A9D4D1803D3B200233E8C /* UMSCommentInputControlleriPad.xib */,
				7D9A9D4E1803D3B200233E8C /* UMShareEditViewController.xib */,
				7D9A9D4F1803D3B200233E8C /* UMShareEditViewControlleriPad.xib */,
				7D9A9D501803D3B200233E8C /* UMSLoginViewController.xib */,
				7D9A9D511803D3B200233E8C /* UMSnsAccountViewController.xib */,
				7D9A9D521803D3B200233E8C /* UMSShareListController.xib */,
			);
			path = SocialSDKXib;
			sourceTree = "<group>";
		};
		7D9A9D551803D3B300233E8C /* UMAnalytics_Sdk_2.2.1.OpenUDID */ = {
			isa = PBXGroup;
			children = (
				7D9A9D561803D3B300233E8C /* libMobClickLibrary.a */,
				7D9A9D571803D3B300233E8C /* MobClick.h */,
			);
			path = UMAnalytics_Sdk_2.2.1.OpenUDID;
			sourceTree = "<group>";
		};
		7DB87EEB17DF0656000EEBA2 /* Image */ = {
			isa = PBXGroup;
			children = (
				AFB826551981247500EEF055 /* ImageUtil.h */,
				AFB826561981247500EEF055 /* ImageUtil.m */,
			);
			name = Image;
			path = ..;
			sourceTree = "<group>";
		};
		AFB2ACA8199076C70067AA74 /* Media */ = {
			isa = PBXGroup;
			children = (
				AFB2ACA9199076E90067AA74 /* AudioPlayer.h */,
				AFB2ACAA199076E90067AA74 /* AudioPlayer.m */,
			);
			path = Media;
			sourceTree = "<group>";
		};
		AFB568AE19D821B200F4E882 /* CollectionView */ = {
			isa = PBXGroup;
			children = (
				AFD061FD19D8F2F700F6F768 /* SpeakerCell.h */,
				AFD061FE19D8F2F700F6F768 /* SpeakerCell.m */,
				AFD061FF19D8F2F700F6F768 /* ConferenceHeader.h */,
				AFD0620019D8F2F700F6F768 /* ConferenceHeader.m */,
				AFD0620119D8F2F700F6F768 /* StarRatingFooter.h */,
				AFD0620219D8F2F700F6F768 /* StarRatingFooter.m */,
				AFD0620319D8F2F700F6F768 /* MaskingTapeView.h */,
				AFD0620419D8F2F700F6F768 /* MaskingTapeView.m */,
				AFD061FA19D8F2D500F6F768 /* ConferenceLayoutAttributes.h */,
				AFD061FB19D8F2D500F6F768 /* ConferenceLayoutAttributes.m */,
				AFD0620919D8F30E00F6F768 /* Conference.h */,
				AFD0620A19D8F30E00F6F768 /* Conference.m */,
				AFD0620B19D8F30E00F6F768 /* NSDate+Helpers.h */,
				AFD0620C19D8F30E00F6F768 /* NSDate+Helpers.m */,
				AFD0620D19D8F30E00F6F768 /* CocoaConf.h */,
				AFD0620E19D8F30E00F6F768 /* CocoaConf.m */,
				AFD0620F19D8F30E00F6F768 /* ShelfView.h */,
				AFD0621019D8F30E00F6F768 /* ShelfView.m */,
				AFD0621119D8F30E00F6F768 /* MPAnimation.h */,
				AFD0621219D8F30E00F6F768 /* MPAnimation.m */,
				AFB568B219D821F300F4E882 /* layouts */,
				AFB568AF19D821D300F4E882 /* GridViewController.h */,
				AFB568B019D821D300F4E882 /* GridViewController.m */,
			);
			path = CollectionView;
			sourceTree = "<group>";
		};
		AFB568B219D821F300F4E882 /* layouts */ = {
			isa = PBXGroup;
			children = (
				AFB568B319D8220400F4E882 /* GridLayout.h */,
				AFB568B419D8220400F4E882 /* GridLayout.m */,
				AFB568B519D8220400F4E882 /* LineLayout.h */,
				AFB568B619D8220400F4E882 /* LineLayout.m */,
				AFB568B719D8220400F4E882 /* CoverFlowLayout.h */,
				AFB568B819D8220400F4E882 /* CoverFlowLayout.m */,
				AFB568B919D8220400F4E882 /* StacksLayout.h */,
				AFB568BA19D8220400F4E882 /* StacksLayout.m */,
				AFB568BB19D8220400F4E882 /* SpiralLayout.h */,
				AFB568BC19D8220400F4E882 /* SpiralLayout.m */,
				AFD0621819D8F4C000F6F768 /* WGridLayout.h */,
				AFD0621919D8F4C000F6F768 /* WGridLayout.m */,
			);
			name = layouts;
			sourceTree = "<group>";
		};
		AFB8251D1981021300EEF055 /* Utils */ = {
			isa = PBXGroup;
			children = (
				AFB2F61A19A742830083E1ED /* TabManager.h */,
				AFB2F61B19A742830083E1ED /* TabManager.m */,
				AFB825211981031100EEF055 /* CommonEx.h */,
				AFB825221981031100EEF055 /* CommonEx.m */,
				7DB87EEB17DF0656000EEBA2 /* Image */,
				AFB82649198123AF00EEF055 /* LifeManager */,
				AFB8256E19810CEA00EEF055 /* 文字处理 */,
				AFB8255B198104E300EEF055 /* ShareManager.h */,
				AFB8255C198104E300EEF055 /* ShareManager.m */,
				AFB825231981031100EEF055 /* TimeUtil.h */,
				AFB825241981031100EEF055 /* TimeUtil.m */,
				AFB8251E1981028900EEF055 /* RandomUtil.h */,
				AFB8251F1981028900EEF055 /* RandomUtil.m */,
				AFB825611981064F00EEF055 /* SoundEffect.h */,
				AFB825621981064F00EEF055 /* SoundEffect.m */,
				AFB825631981064F00EEF055 /* UIButtonEx.h */,
				AFB825641981064F00EEF055 /* UIButtonEx.m */,
			);
			path = Utils;
			sourceTree = "<group>";
		};
		AFB82541198104C800EEF055 /* Views */ = {
			isa = PBXGroup;
			children = (
				AFB832B41989F51F007A71DC /* LoadMoreControl.h */,
				AFB832B51989F51F007A71DC /* LoadMoreControl.m */,
				AFB82542198104C800EEF055 /* button.jpg */,
				AFB82543198104C800EEF055 /* CoverProgressView.h */,
				AFB82544198104C800EEF055 /* CoverProgressView.m */,
				AFB82545198104C800EEF055 /* detalle.png */,
				AFB82546198104C800EEF055 /* MBProgressHUD.h */,
				AFB82547198104C800EEF055 /* MBProgressHUD.m */,
				AFB8254A198104C800EEF055 /* NumberView.h */,
				AFB8254B198104C800EEF055 /* NumberView.m */,
				AFB8254E198104C800EEF055 /* ViewGroup.h */,
				AFB8254F198104C800EEF055 /* ViewGroup.m */,
				AFB82550198104C800EEF055 /* WStepper.h */,
				AFB82551198104C800EEF055 /* WStepper.m */,
			);
			path = Views;
			sourceTree = "<group>";
		};
		AFB8256E19810CEA00EEF055 /* 文字处理 */ = {
			isa = PBXGroup;
			children = (
				AFB8256F19810CEA00EEF055 /* citydict.plist */,
				AFB8257019810CEA00EEF055 /* CityPickerViewController.h */,
				AFB8257119810CEA00EEF055 /* CityPickerViewController.m */,
				AFB8257219810CEA00EEF055 /* DateEx.h */,
				AFB8257319810CEA00EEF055 /* DateEx.m */,
				AFB8257419810CEA00EEF055 /* IndexNamesViewController.h */,
				AFB8257519810CEA00EEF055 /* IndexNamesViewController.m */,
				AFB8257619810CEA00EEF055 /* IndexNamesViewController.xib */,
				AFB8257719810CEA00EEF055 /* LineSwitch.h */,
				AFB8257819810CEA00EEF055 /* LineSwitch.m */,
				AFB8257919810CEA00EEF055 /* LineSwitch.xib */,
				AFB8257A19810CEA00EEF055 /* StringEx.h */,
				AFB8257B19810CEA00EEF055 /* StringEx.m */,
			);
			path = "文字处理";
			sourceTree = "<group>";
		};
		AFB82649198123AF00EEF055 /* LifeManager */ = {
			isa = PBXGroup;
			children = (
				AFB8264A198123AF00EEF055 /* LifeManager.h */,
				AFB8264B198123AF00EEF055 /* LifeManager.m */,
				AFB8264C198123AF00EEF055 /* LifeManagerViewController.h */,
				AFB8264D198123AF00EEF055 /* LifeManagerViewController.m */,
				AFB8264E198123AF00EEF055 /* LifeManagerViewController.xib */,
				AFB8264F198123AF00EEF055 /* WLifeManager.h */,
				AFB82650198123AF00EEF055 /* WLifeManager.m */,
			);
			path = LifeManager;
			sourceTree = "<group>";
		};
		AFB826581981248600EEF055 /* API */ = {
			isa = PBXGroup;
			children = (
				AFB568AE19D821B200F4E882 /* CollectionView */,
				AFB2ACA8199076C70067AA74 /* Media */,
				AFBD287D198F2F6700EEDD5B /* Animation */,
				AFB8267F1981281E00EEF055 /* CoreGraphics */,
				AFB826821981281E00EEF055 /* Game */,
				AFB8268D1981281E00EEF055 /* ViewCompute */,
				AFB826591981248600EEF055 /* Facebook */,
				AFB8265F1981248600EEF055 /* InAppPurchase */,
				AFB8266D1981248600EEF055 /* Notification */,
			);
			path = API;
			sourceTree = "<group>";
		};
		AFB826591981248600EEF055 /* Facebook */ = {
			isa = PBXGroup;
			children = (
				AFB8265A1981248600EEF055 /* FacebookViewController.h */,
				AFB8265B1981248600EEF055 /* FacebookViewController.m */,
				AFB8265C1981248600EEF055 /* FacebookViewController.xib */,
				AFB8265D1981248600EEF055 /* FBManager.h */,
				AFB8265E1981248600EEF055 /* FBManager.m */,
			);
			path = Facebook;
			sourceTree = "<group>";
		};
		AFB8265F1981248600EEF055 /* InAppPurchase */ = {
			isa = PBXGroup;
			children = (
				AFB826641981248600EEF055 /* Demo */,
				AFB826681981248600EEF055 /* InAppPurchaser.h */,
				AFB826691981248600EEF055 /* InAppPurchaser.m */,
				AFB8266A1981248600EEF055 /* InAppPurchaserApple.h */,
				AFB8266B1981248600EEF055 /* InAppPurchaserApple.m */,
				AFB8266C1981248600EEF055 /* Readme.txt */,
			);
			path = InAppPurchase;
			sourceTree = "<group>";
		};
		AFB826641981248600EEF055 /* Demo */ = {
			isa = PBXGroup;
			children = (
				AFB826651981248600EEF055 /* InAppPurchaseViewController.h */,
				AFB826661981248600EEF055 /* InAppPurchaseViewController.m */,
				AFB826671981248600EEF055 /* InAppPurchaseViewController.xib */,
			);
			path = Demo;
			sourceTree = "<group>";
		};
		AFB8266D1981248600EEF055 /* Notification */ = {
			isa = PBXGroup;
			children = (
				AFB8266E1981248600EEF055 /* NotificationManager.h */,
				AFB8266F1981248600EEF055 /* NotificationManager.m */,
				AFB826701981248600EEF055 /* NotificationViewController.h */,
				AFB826711981248600EEF055 /* NotificationViewController.m */,
				AFB826721981248600EEF055 /* NotificationViewController.xib */,
			);
			path = Notification;
			sourceTree = "<group>";
		};
		AFB8267F1981281E00EEF055 /* CoreGraphics */ = {
			isa = PBXGroup;
			children = (
				AFB826801981281E00EEF055 /* NaviCoverView.h */,
				AFB826811981281E00EEF055 /* NaviCoverView.m */,
			);
			path = CoreGraphics;
			sourceTree = "<group>";
		};
		AFB826821981281E00EEF055 /* Game */ = {
			isa = PBXGroup;
			children = (
				AFB826831981281E00EEF055 /* DataManager.h */,
				AFB826841981281E00EEF055 /* DataManager.m */,
				AFB826851981281E00EEF055 /* game_data.json */,
				AFB826861981281E00EEF055 /* game_levels.json */,
				AFB826871981281E00EEF055 /* GameData.h */,
				AFB826881981281E00EEF055 /* GameData.m */,
				AFB826891981281E00EEF055 /* GameLevel.h */,
				AFB8268A1981281E00EEF055 /* GameLevel.m */,
				AFB8268B1981281E00EEF055 /* GameManager.h */,
				AFB8268C1981281E00EEF055 /* GameManager.m */,
			);
			path = Game;
			sourceTree = "<group>";
		};
		AFB8268D1981281E00EEF055 /* ViewCompute */ = {
			isa = PBXGroup;
			children = (
				AFB8268E1981281E00EEF055 /* ViewCommonComputer.h */,
				AFB8268F1981281E00EEF055 /* ViewCommonComputer.m */,
			);
			path = ViewCompute;
			sourceTree = "<group>";
		};
		AFBD287D198F2F6700EEDD5B /* Animation */ = {
			isa = PBXGroup;
			children = (
				AFBD287E198F2F6700EEDD5B /* AnimationUtil.h */,
				AFBD287F198F2F6700EEDD5B /* AnimationUtil.m */,
				AFBD2881198F301000EEDD5B /* FruitSlotsView.h */,
				AFBD2882198F301000EEDD5B /* FruitSlotsView.m */,
				AFBD2884198F4F9600EEDD5B /* FruitSlotsViewController.h */,
				AFBD2885198F4F9600EEDD5B /* FruitSlotsViewController.m */,
				AFBD2886198F4F9600EEDD5B /* FruitSlotsViewController.xib */,
			);
			path = Animation;
			sourceTree = "<group>";
		};
/* End PBXGroup section */

/* Begin PBXNativeTarget section */
		7D483FFE17C5BD44009AC184 /* WAYNE_IOS_SDK */ = {
			isa = PBXNativeTarget;
			buildConfigurationList = 7D48403617C5BD45009AC184 /* Build configuration list for PBXNativeTarget "WAYNE_IOS_SDK" */;
			buildPhases = (
				7D483FFB17C5BD44009AC184 /* Sources */,
				7D483FFC17C5BD44009AC184 /* Frameworks */,
				7D483FFD17C5BD44009AC184 /* Resources */,
			);
			buildRules = (
			);
			dependencies = (
			);
			name = WAYNE_IOS_SDK;
			productName = WAYNE_IOS_SDK;
			productReference = 7D483FFF17C5BD44009AC184 /* WAYNE_IOS_SDK.app */;
			productType = "com.apple.product-type.application";
		};
/* End PBXNativeTarget section */

/* Begin PBXProject section */
		7D483FF717C5BD44009AC184 /* Project object */ = {
			isa = PBXProject;
			attributes = {
				LastUpgradeCheck = 0460;
				ORGANIZATIONNAME = "green wayne";
			};
			buildConfigurationList = 7D483FFA17C5BD44009AC184 /* Build configuration list for PBXProject "WAYNE_IOS_SDK" */;
			compatibilityVersion = "Xcode 3.2";
			developmentRegion = English;
			hasScannedForEncodings = 0;
			knownRegions = (
				en,
				"zh-Hans",
			);
			mainGroup = 7D483FF617C5BD44009AC184;
			productRefGroup = 7D48400017C5BD44009AC184 /* Products */;
			projectDirPath = "";
			projectRoot = "";
			targets = (
				7D483FFE17C5BD44009AC184 /* WAYNE_IOS_SDK */,
			);
		};
/* End PBXProject section */

/* Begin PBXResourcesBuildPhase section */
		7D483FFD17C5BD44009AC184 /* Resources */ = {
			isa = PBXResourcesBuildPhase;
			buildActionMask = 2147483647;
			files = (
				7D48400D17C5BD44009AC184 /* InfoPlist.strings in Resources */,
				AFB826921981281E00EEF055 /* game_data.json in Resources */,
				AFB826931981281E00EEF055 /* game_levels.json in Resources */,
				AFB8257C19810CEA00EEF055 /* citydict.plist in Resources */,
				7D48401917C5BD45009AC184 /* Default-568h@2x.png in Resources */,
				AFBD2888198F4F9600EEDD5B /* FruitSlotsViewController.xib in Resources */,
				7D9A9D621803D3B300233E8C /* UMSLoginViewController.xib in Resources */,
				AFB8267B1981248600EEF055 /* Readme.txt in Resources */,
				AFB8258019810CEA00EEF055 /* IndexNamesViewController.xib in Resources */,
				AFB8258219810CEA00EEF055 /* LineSwitch.xib in Resources */,
				7D9A9D5D1803D3B300233E8C /* UMSCommentDetailController.xib in Resources */,
				7D9A9D581803D3B300233E8C /* UMSocialLocalizable.strings in Resources */,
				AFB82554198104C800EEF055 /* detalle.png in Resources */,
				7D9A9D5F1803D3B300233E8C /* UMSCommentInputControlleriPad.xib in Resources */,
				AFB568AD19D801B600F4E882 /* main.storyboard in Resources */,
				AFB8267E1981248600EEF055 /* NotificationViewController.xib in Resources */,
				7DE5E7651803FCA2001BB491 /* Icon.png in Resources */,
				7D9A9D5E1803D3B300233E8C /* UMSCommentInputController.xib in Resources */,
				7D9A9D631803D3B300233E8C /* UMSnsAccountViewController.xib in Resources */,
				7DA1FA001805710E007459B1 /* MenuViewController.xib in Resources */,
				AFB82552198104C800EEF055 /* button.jpg in Resources */,
				7D9A9D651803D3B300233E8C /* UMSocialSDKResourcesNew.bundle in Resources */,
				AFD0621C19D909B200F6F768 /* Default.xib in Resources */,
				7D9A9D611803D3B300233E8C /* UMShareEditViewControlleriPad.xib in Resources */,
				AFB826741981248600EEF055 /* FacebookViewController.xib in Resources */,
				7D9A9D601803D3B300233E8C /* UMShareEditViewController.xib in Resources */,
				AFB82653198123AF00EEF055 /* LifeManagerViewController.xib in Resources */,
				7D9A9D641803D3B300233E8C /* UMSShareListController.xib in Resources */,
				AFB826781981248600EEF055 /* InAppPurchaseViewController.xib in Resources */,
			);
			runOnlyForDeploymentPostprocessing = 0;
		};
/* End PBXResourcesBuildPhase section */

/* Begin PBXSourcesBuildPhase section */
		7D483FFB17C5BD44009AC184 /* Sources */ = {
			isa = PBXSourcesBuildPhase;
			buildActionMask = 2147483647;
			files = (
				AFB8257F19810CEA00EEF055 /* IndexNamesViewController.m in Sources */,
				7D48400F17C5BD44009AC184 /* main.m in Sources */,
				7DA1F9FF1805710E007459B1 /* MenuViewController.m in Sources */,
				AFB568C019D8220400F4E882 /* StacksLayout.m in Sources */,
				AFBD2887198F4F9600EEDD5B /* FruitSlotsViewController.m in Sources */,
				AFB826951981281E00EEF055 /* GameLevel.m in Sources */,
				AFB832B61989F51F007A71DC /* LoadMoreControl.m in Sources */,
				AFB8267D1981248600EEF055 /* NotificationViewController.m in Sources */,
				7D48401317C5BD45009AC184 /* AppDelegate.m in Sources */,
				AFD0621519D8F30E00F6F768 /* CocoaConf.m in Sources */,
				AFB8257E19810CEA00EEF055 /* DateEx.m in Sources */,
				AFD0621A19D8F4C000F6F768 /* WGridLayout.m in Sources */,
				AFB8267A1981248600EEF055 /* InAppPurchaserApple.m in Sources */,
				AFB82654198123AF00EEF055 /* WLifeManager.m in Sources */,
				AFB826791981248600EEF055 /* InAppPurchaser.m in Sources */,
				AFD0621319D8F30E00F6F768 /* Conference.m in Sources */,
				AFB82555198104C800EEF055 /* MBProgressHUD.m in Sources */,
				AFB82553198104C800EEF055 /* CoverProgressView.m in Sources */,
				AFB826941981281E00EEF055 /* GameData.m in Sources */,
				AFD0621619D8F30E00F6F768 /* ShelfView.m in Sources */,
				AFB568BD19D8220400F4E882 /* GridLayout.m in Sources */,
				AFB826961981281E00EEF055 /* GameManager.m in Sources */,
				AFB568C119D8220400F4E882 /* SpiralLayout.m in Sources */,
				AFB826971981281E00EEF055 /* ViewCommonComputer.m in Sources */,
				AFB568BE19D8220400F4E882 /* LineLayout.m in Sources */,
				AFB826751981248600EEF055 /* FBManager.m in Sources */,
				AFBD2883198F301000EEDD5B /* FruitSlotsView.m in Sources */,
				AFB8258319810CEA00EEF055 /* StringEx.m in Sources */,
				AFB825661981064F00EEF055 /* UIButtonEx.m in Sources */,
				AFB2F61C19A742830083E1ED /* TabManager.m in Sources */,
				AFD0621719D8F30E00F6F768 /* MPAnimation.m in Sources */,
				AFB825201981028900EEF055 /* RandomUtil.m in Sources */,
				AFD0620819D8F2F700F6F768 /* MaskingTapeView.m in Sources */,
				AFD0620719D8F2F700F6F768 /* StarRatingFooter.m in Sources */,
				AFB825251981031100EEF055 /* CommonEx.m in Sources */,
				AFBD2880198F2F6700EEDD5B /* AnimationUtil.m in Sources */,
				AFB2ACAB199076E90067AA74 /* AudioPlayer.m in Sources */,
				AFB8255A198104C800EEF055 /* WStepper.m in Sources */,
				AFB568BF19D8220400F4E882 /* CoverFlowLayout.m in Sources */,
				AFB82651198123AF00EEF055 /* LifeManager.m in Sources */,
				AFB826901981281E00EEF055 /* NaviCoverView.m in Sources */,
				AFB8257D19810CEA00EEF055 /* CityPickerViewController.m in Sources */,
				AFD0620519D8F2F700F6F768 /* SpeakerCell.m in Sources */,
				AFD0621419D8F30E00F6F768 /* NSDate+Helpers.m in Sources */,
				AFB826771981248600EEF055 /* InAppPurchaseViewController.m in Sources */,
				AFB826731981248600EEF055 /* FacebookViewController.m in Sources */,
				AFB82652198123AF00EEF055 /* LifeManagerViewController.m in Sources */,
				AFD061FC19D8F2D500F6F768 /* ConferenceLayoutAttributes.m in Sources */,
				AFB826571981247500EEF055 /* ImageUtil.m in Sources */,
				AFB8267C1981248600EEF055 /* NotificationManager.m in Sources */,
				AFB8255D198104E300EEF055 /* ShareManager.m in Sources */,
				AFB8258119810CEA00EEF055 /* LineSwitch.m in Sources */,
				AFB568B119D821D300F4E882 /* GridViewController.m in Sources */,
				AFB825651981064F00EEF055 /* SoundEffect.m in Sources */,
				AFB82559198104C800EEF055 /* ViewGroup.m in Sources */,
				AFB82557198104C800EEF055 /* NumberView.m in Sources */,
				AFD0620619D8F2F700F6F768 /* ConferenceHeader.m in Sources */,
				AFB826911981281E00EEF055 /* DataManager.m in Sources */,
				AFB825261981031100EEF055 /* TimeUtil.m in Sources */,
			);
			runOnlyForDeploymentPostprocessing = 0;
		};
/* End PBXSourcesBuildPhase section */

/* Begin PBXVariantGroup section */
		7D48400B17C5BD44009AC184 /* InfoPlist.strings */ = {
			isa = PBXVariantGroup;
			children = (
				7D48400C17C5BD44009AC184 /* en */,
				7D95EE9517D85CB300506D05 /* zh-Hans */,
			);
			name = InfoPlist.strings;
			sourceTree = "<group>";
		};
		7D9A9D341803D3B200233E8C /* UMSocialLocalizable.strings */ = {
			isa = PBXVariantGroup;
			children = (
				7D9A9D351803D3B200233E8C /* en */,
				7D9A9D541803D3B300233E8C /* zh-Hans */,
			);
			name = UMSocialLocalizable.strings;
			sourceTree = "<group>";
		};
/* End PBXVariantGroup section */

/* Begin XCBuildConfiguration section */
		7D48403417C5BD45009AC184 /* Debug */ = {
			isa = XCBuildConfiguration;
			buildSettings = {
				ALWAYS_SEARCH_USER_PATHS = NO;
				CLANG_CXX_LANGUAGE_STANDARD = "gnu++0x";
				CLANG_CXX_LIBRARY = "libc++";
				CLANG_ENABLE_OBJC_ARC = YES;
				CLANG_WARN_CONSTANT_CONVERSION = YES;
				CLANG_WARN_EMPTY_BODY = YES;
				CLANG_WARN_ENUM_CONVERSION = YES;
				CLANG_WARN_INT_CONVERSION = YES;
				CLANG_WARN__DUPLICATE_METHOD_MATCH = YES;
				"CODE_SIGN_IDENTITY[sdk=iphoneos*]" = "iPhone Developer";
				COPY_PHASE_STRIP = NO;
				GCC_C_LANGUAGE_STANDARD = gnu99;
				GCC_DYNAMIC_NO_PIC = NO;
				GCC_OPTIMIZATION_LEVEL = 0;
				GCC_PREPROCESSOR_DEFINITIONS = (
					"DEBUG=1",
					"$(inherited)",
				);
				GCC_SYMBOLS_PRIVATE_EXTERN = NO;
				GCC_WARN_ABOUT_RETURN_TYPE = YES;
				GCC_WARN_UNINITIALIZED_AUTOS = YES;
				GCC_WARN_UNUSED_VARIABLE = YES;
				IPHONEOS_DEPLOYMENT_TARGET = 7.1;
				ONLY_ACTIVE_ARCH = YES;
				SDKROOT = iphoneos;
				TARGETED_DEVICE_FAMILY = "1,2";
			};
			name = Debug;
		};
		7D48403517C5BD45009AC184 /* Release */ = {
			isa = XCBuildConfiguration;
			buildSettings = {
				ALWAYS_SEARCH_USER_PATHS = NO;
				CLANG_CXX_LANGUAGE_STANDARD = "gnu++0x";
				CLANG_CXX_LIBRARY = "libc++";
				CLANG_ENABLE_OBJC_ARC = YES;
				CLANG_WARN_CONSTANT_CONVERSION = YES;
				CLANG_WARN_EMPTY_BODY = YES;
				CLANG_WARN_ENUM_CONVERSION = YES;
				CLANG_WARN_INT_CONVERSION = YES;
				CLANG_WARN__DUPLICATE_METHOD_MATCH = YES;
				"CODE_SIGN_IDENTITY[sdk=iphoneos*]" = "iPhone Developer";
				COPY_PHASE_STRIP = YES;
				GCC_C_LANGUAGE_STANDARD = gnu99;
				GCC_WARN_ABOUT_RETURN_TYPE = YES;
				GCC_WARN_UNINITIALIZED_AUTOS = YES;
				GCC_WARN_UNUSED_VARIABLE = YES;
				IPHONEOS_DEPLOYMENT_TARGET = 7.1;
				OTHER_CFLAGS = "-DNS_BLOCK_ASSERTIONS=1";
				SDKROOT = iphoneos;
				TARGETED_DEVICE_FAMILY = "1,2";
				VALIDATE_PRODUCT = YES;
			};
			name = Release;
		};
		7D48403717C5BD45009AC184 /* Debug */ = {
			isa = XCBuildConfiguration;
			buildSettings = {
				ARCHS = (
					armv7,
					armv7s,
				);
				CODE_SIGN_IDENTITY = "";
				"CODE_SIGN_IDENTITY[sdk=iphoneos*]" = "iPhone Developer";
				FRAMEWORK_SEARCH_PATHS = (
					"$(inherited)",
					"$(SRCROOT)/${PRODUCT_NAME}/libs/UMeng/UMSocial_Sdk_3.0/frameworks/TencentOpenAPI",
					"$(SRCROOT)/${PRODUCT_NAME}/libs",
				);
				GCC_PRECOMPILE_PREFIX_HEADER = YES;
				GCC_PREFIX_HEADER = "WAYNE_IOS_SDK/WAYNE_IOS_SDK-Prefix.pch";
				INFOPLIST_FILE = "WAYNE_IOS_SDK/WAYNE_IOS_SDK-Info.plist";
				IPHONEOS_DEPLOYMENT_TARGET = 6.0;
				LIBRARY_SEARCH_PATHS = (
					"$(inherited)",
					"$(SRCROOT)/${PRODUCT_NAME}/libs/UMeng",
					"$(SRCROOT)/${PRODUCT_NAME}/libs/UMeng/UMSocial_Sdk_3.0/frameworks/Wechat",
					"$(SRCROOT)/${PRODUCT_NAME}/libs/UMeng/UMSocial_Sdk_3.0",
					"$(SRCROOT)/${PRODUCT_NAME}/libs/UMeng/UMAnalytics_Sdk_2.2.1.OpenUDID",
				);
				PRODUCT_NAME = "$(TARGET_NAME)";
				PROVISIONING_PROFILE = "";
				TARGETED_DEVICE_FAMILY = 1;
				WRAPPER_EXTENSION = app;
			};
			name = Debug;
		};
		7D48403817C5BD45009AC184 /* Release */ = {
			isa = XCBuildConfiguration;
			buildSettings = {
				ARCHS = (
					armv7,
					armv7s,
				);
				CODE_SIGN_IDENTITY = "";
				"CODE_SIGN_IDENTITY[sdk=iphoneos*]" = "iPhone Developer";
				FRAMEWORK_SEARCH_PATHS = (
					"$(inherited)",
					"$(SRCROOT)/${PRODUCT_NAME}/libs/UMeng/UMSocial_Sdk_3.0/frameworks/TencentOpenAPI",
					"$(SRCROOT)/${PRODUCT_NAME}/libs",
				);
				GCC_PRECOMPILE_PREFIX_HEADER = YES;
				GCC_PREFIX_HEADER = "WAYNE_IOS_SDK/WAYNE_IOS_SDK-Prefix.pch";
				INFOPLIST_FILE = "WAYNE_IOS_SDK/WAYNE_IOS_SDK-Info.plist";
				IPHONEOS_DEPLOYMENT_TARGET = 6.0;
				LIBRARY_SEARCH_PATHS = (
					"$(inherited)",
					"$(SRCROOT)/${PRODUCT_NAME}/libs/UMeng",
					"$(SRCROOT)/${PRODUCT_NAME}/libs/UMeng/UMSocial_Sdk_3.0/frameworks/Wechat",
					"$(SRCROOT)/${PRODUCT_NAME}/libs/UMeng/UMSocial_Sdk_3.0",
					"$(SRCROOT)/${PRODUCT_NAME}/libs/UMeng/UMAnalytics_Sdk_2.2.1.OpenUDID",
				);
				PRODUCT_NAME = "$(TARGET_NAME)";
				PROVISIONING_PROFILE = "";
				TARGETED_DEVICE_FAMILY = 1;
				WRAPPER_EXTENSION = app;
			};
			name = Release;
		};
/* End XCBuildConfiguration section */

/* Begin XCConfigurationList section */
		7D483FFA17C5BD44009AC184 /* Build configuration list for PBXProject "WAYNE_IOS_SDK" */ = {
			isa = XCConfigurationList;
			buildConfigurations = (
				7D48403417C5BD45009AC184 /* Debug */,
				7D48403517C5BD45009AC184 /* Release */,
			);
			defaultConfigurationIsVisible = 0;
			defaultConfigurationName = Release;
		};
		7D48403617C5BD45009AC184 /* Build configuration list for PBXNativeTarget "WAYNE_IOS_SDK" */ = {
			isa = XCConfigurationList;
			buildConfigurations = (
				7D48403717C5BD45009AC184 /* Debug */,
				7D48403817C5BD45009AC184 /* Release */,
			);
			defaultConfigurationIsVisible = 0;
			defaultConfigurationName = Release;
		};
/* End XCConfigurationList section */
	};
	rootObject = 7D483FF717C5BD44009AC184 /* Project object */;
}
