// !$*UTF8*$!
{
	archiveVersion = 1;
	classes = {
	};
	objectVersion = 46;
	objects = {

/* Begin PBXBuildFile section */
		2465B6BA1941CC3F00BF3C81 /* WLifeManager.m in Sources */ = {isa = PBXBuildFile; fileRef = 2465B6B91941CC3F00BF3C81 /* WLifeManager.m */; };
		2490491A191B778100CDC909 /* StringEx.m in Sources */ = {isa = PBXBuildFile; fileRef = 24904919191B778100CDC909 /* StringEx.m */; };
		24A858681946EABC00784729 /* DateEx.m in Sources */ = {isa = PBXBuildFile; fileRef = 24A858671946EABC00784729 /* DateEx.m */; };
		24AC79761940475F005ECB08 /* RandomUtil.m in Sources */ = {isa = PBXBuildFile; fileRef = 24AC79751940475F005ECB08 /* RandomUtil.m */; };
		7D48400317C5BD44009AC184 /* UIKit.framework in Frameworks */ = {isa = PBXBuildFile; fileRef = 7D48400217C5BD44009AC184 /* UIKit.framework */; };
		7D48400517C5BD44009AC184 /* Foundation.framework in Frameworks */ = {isa = PBXBuildFile; fileRef = 7D48400417C5BD44009AC184 /* Foundation.framework */; };
		7D48400717C5BD44009AC184 /* CoreGraphics.framework in Frameworks */ = {isa = PBXBuildFile; fileRef = 7D48400617C5BD44009AC184 /* CoreGraphics.framework */; };
		7D48400D17C5BD44009AC184 /* InfoPlist.strings in Resources */ = {isa = PBXBuildFile; fileRef = 7D48400B17C5BD44009AC184 /* InfoPlist.strings */; };
		7D48400F17C5BD44009AC184 /* main.m in Sources */ = {isa = PBXBuildFile; fileRef = 7D48400E17C5BD44009AC184 /* main.m */; };
		7D48401317C5BD45009AC184 /* AppDelegate.m in Sources */ = {isa = PBXBuildFile; fileRef = 7D48401217C5BD45009AC184 /* AppDelegate.m */; };
		7D48401517C5BD45009AC184 /* Default.png in Resources */ = {isa = PBXBuildFile; fileRef = 7D48401417C5BD45009AC184 /* Default.png */; };
		7D48401717C5BD45009AC184 /* Default@2x.png in Resources */ = {isa = PBXBuildFile; fileRef = 7D48401617C5BD45009AC184 /* Default@2x.png */; };
		7D48401917C5BD45009AC184 /* Default-568h@2x.png in Resources */ = {isa = PBXBuildFile; fileRef = 7D48401817C5BD45009AC184 /* Default-568h@2x.png */; };
		7D48401C17C5BD45009AC184 /* FirstViewController.m in Sources */ = {isa = PBXBuildFile; fileRef = 7D48401B17C5BD45009AC184 /* FirstViewController.m */; };
		7D48401E17C5BD45009AC184 /* first.png in Resources */ = {isa = PBXBuildFile; fileRef = 7D48401D17C5BD45009AC184 /* first.png */; };
		7D48402017C5BD45009AC184 /* first@2x.png in Resources */ = {isa = PBXBuildFile; fileRef = 7D48401F17C5BD45009AC184 /* first@2x.png */; };
		7D48402317C5BD45009AC184 /* SecondViewController.m in Sources */ = {isa = PBXBuildFile; fileRef = 7D48402217C5BD45009AC184 /* SecondViewController.m */; };
		7D48402517C5BD45009AC184 /* second.png in Resources */ = {isa = PBXBuildFile; fileRef = 7D48402417C5BD45009AC184 /* second.png */; };
		7D48402717C5BD45009AC184 /* second@2x.png in Resources */ = {isa = PBXBuildFile; fileRef = 7D48402617C5BD45009AC184 /* second@2x.png */; };
		7D48402A17C5BD45009AC184 /* FirstViewController.xib in Resources */ = {isa = PBXBuildFile; fileRef = 7D48402817C5BD45009AC184 /* FirstViewController.xib */; };
		7D48403017C5BD45009AC184 /* SecondViewController.xib in Resources */ = {isa = PBXBuildFile; fileRef = 7D48402E17C5BD45009AC184 /* SecondViewController.xib */; };
		7D4AE8661818C87D00B19465 /* TimeUtil.m in Sources */ = {isa = PBXBuildFile; fileRef = 7D4AE8651818C87D00B19465 /* TimeUtil.m */; };
		7D9A96F018122F9600E75B0D /* FacebookSDK.framework in Frameworks */ = {isa = PBXBuildFile; fileRef = 7D9A96EF18122F9600E75B0D /* FacebookSDK.framework */; };
		7D9A96F5181233E200E75B0D /* FacebookViewController.m in Sources */ = {isa = PBXBuildFile; fileRef = 7D9A96F3181233E200E75B0D /* FacebookViewController.m */; };
		7D9A96F6181233E200E75B0D /* FacebookViewController.xib in Resources */ = {isa = PBXBuildFile; fileRef = 7D9A96F4181233E200E75B0D /* FacebookViewController.xib */; };
		7D9A96F9181237A900E75B0D /* FBManager.m in Sources */ = {isa = PBXBuildFile; fileRef = 7D9A96F8181237A800E75B0D /* FBManager.m */; };
		7D9A96FB18123D0300E75B0D /* Social.framework in Frameworks */ = {isa = PBXBuildFile; fileRef = 7D9A96FA18123D0300E75B0D /* Social.framework */; settings = {ATTRIBUTES = (Required, ); }; };
		7D9A9D1B1803A01A00233E8C /* libz.dylib in Frameworks */ = {isa = PBXBuildFile; fileRef = 7D9A9D1A1803A01A00233E8C /* libz.dylib */; };
		7D9A9D581803D3B300233E8C /* UMSocialLocalizable.strings in Resources */ = {isa = PBXBuildFile; fileRef = 7D9A9D341803D3B200233E8C /* UMSocialLocalizable.strings */; };
		7D9A9D591803D3B300233E8C /* TencentOpenAPI.framework in Frameworks */ = {isa = PBXBuildFile; fileRef = 7D9A9D381803D3B200233E8C /* TencentOpenAPI.framework */; };
		7D9A9D5A1803D3B300233E8C /* libWeChatSDK.a in Frameworks */ = {isa = PBXBuildFile; fileRef = 7D9A9D3A1803D3B200233E8C /* libWeChatSDK.a */; };
		7D9A9D5B1803D3B300233E8C /* libUMSocial_Sdk_3.0.a in Frameworks */ = {isa = PBXBuildFile; fileRef = 7D9A9D481803D3B200233E8C /* libUMSocial_Sdk_3.0.a */; };
		7D9A9D5C1803D3B300233E8C /* libUMSocial_Sdk_Comment_3.0.a in Frameworks */ = {isa = PBXBuildFile; fileRef = 7D9A9D491803D3B200233E8C /* libUMSocial_Sdk_Comment_3.0.a */; };
		7D9A9D5D1803D3B300233E8C /* UMSCommentDetailController.xib in Resources */ = {isa = PBXBuildFile; fileRef = 7D9A9D4B1803D3B200233E8C /* UMSCommentDetailController.xib */; };
		7D9A9D5E1803D3B300233E8C /* UMSCommentInputController.xib in Resources */ = {isa = PBXBuildFile; fileRef = 7D9A9D4C1803D3B200233E8C /* UMSCommentInputController.xib */; };
		7D9A9D5F1803D3B300233E8C /* UMSCommentInputControlleriPad.xib in Resources */ = {isa = PBXBuildFile; fileRef = 7D9A9D4D1803D3B200233E8C /* UMSCommentInputControlleriPad.xib */; };
		7D9A9D601803D3B300233E8C /* UMShareEditViewController.xib in Resources */ = {isa = PBXBuildFile; fileRef = 7D9A9D4E1803D3B200233E8C /* UMShareEditViewController.xib */; };
		7D9A9D611803D3B300233E8C /* UMShareEditViewControlleriPad.xib in Resources */ = {isa = PBXBuildFile; fileRef = 7D9A9D4F1803D3B200233E8C /* UMShareEditViewControlleriPad.xib */; };
		7D9A9D621803D3B300233E8C /* UMSLoginViewController.xib in Resources */ = {isa = PBXBuildFile; fileRef = 7D9A9D501803D3B200233E8C /* UMSLoginViewController.xib */; };
		7D9A9D631803D3B300233E8C /* UMSnsAccountViewController.xib in Resources */ = {isa = PBXBuildFile; fileRef = 7D9A9D511803D3B200233E8C /* UMSnsAccountViewController.xib */; };
		7D9A9D641803D3B300233E8C /* UMSShareListController.xib in Resources */ = {isa = PBXBuildFile; fileRef = 7D9A9D521803D3B200233E8C /* UMSShareListController.xib */; };
		7D9A9D651803D3B300233E8C /* UMSocialSDKResourcesNew.bundle in Resources */ = {isa = PBXBuildFile; fileRef = 7D9A9D531803D3B200233E8C /* UMSocialSDKResourcesNew.bundle */; };
		7D9A9D661803D3B300233E8C /* libMobClickLibrary.a in Frameworks */ = {isa = PBXBuildFile; fileRef = 7D9A9D561803D3B300233E8C /* libMobClickLibrary.a */; };
		7D9A9D681803D42400233E8C /* libiconv.dylib in Frameworks */ = {isa = PBXBuildFile; fileRef = 7D9A9D671803D42400233E8C /* libiconv.dylib */; };
		7D9A9D6A1803D43200233E8C /* SystemConfiguration.framework in Frameworks */ = {isa = PBXBuildFile; fileRef = 7D9A9D691803D43200233E8C /* SystemConfiguration.framework */; };
		7D9A9D6C1803D44200233E8C /* libsqlite3.dylib in Frameworks */ = {isa = PBXBuildFile; fileRef = 7D9A9D6B1803D44200233E8C /* libsqlite3.dylib */; };
		7D9A9D6E1803D45200233E8C /* CoreTelephony.framework in Frameworks */ = {isa = PBXBuildFile; fileRef = 7D9A9D6D1803D45100233E8C /* CoreTelephony.framework */; };
		7D9A9D701803D45C00233E8C /* libstdc++.dylib in Frameworks */ = {isa = PBXBuildFile; fileRef = 7D9A9D6F1803D45C00233E8C /* libstdc++.dylib */; };
		7DA1594418338DD000B53857 /* ShareManager.m in Sources */ = {isa = PBXBuildFile; fileRef = 7DA1594318338DD000B53857 /* ShareManager.m */; };
		7DA1F59A1815267D00310DD0 /* DataManager.m in Sources */ = {isa = PBXBuildFile; fileRef = 7DA1F5991815267D00310DD0 /* DataManager.m */; };
		7DA1F9FA18057046007459B1 /* NotificationViewController.m in Sources */ = {isa = PBXBuildFile; fileRef = 7DA1F9F818057046007459B1 /* NotificationViewController.m */; };
		7DA1F9FB18057046007459B1 /* NotificationViewController.xib in Resources */ = {isa = PBXBuildFile; fileRef = 7DA1F9F918057046007459B1 /* NotificationViewController.xib */; };
		7DA1F9FF1805710E007459B1 /* MenuViewController.m in Sources */ = {isa = PBXBuildFile; fileRef = 7DA1F9FD1805710E007459B1 /* MenuViewController.m */; };
		7DA1FA001805710E007459B1 /* MenuViewController.xib in Resources */ = {isa = PBXBuildFile; fileRef = 7DA1F9FE1805710E007459B1 /* MenuViewController.xib */; };
		7DA24927181E0E7700E9C7B5 /* NotificationManager.m in Sources */ = {isa = PBXBuildFile; fileRef = 7DA24926181E0E7700E9C7B5 /* NotificationManager.m */; };
		7DAA5CD9182210D60044C307 /* AnimationUtil.m in Sources */ = {isa = PBXBuildFile; fileRef = 7DAA5CD8182210D60044C307 /* AnimationUtil.m */; };
		7DAA5CDD182213040044C307 /* ViewCommonComputer.m in Sources */ = {isa = PBXBuildFile; fileRef = 7DAA5CDC182213040044C307 /* ViewCommonComputer.m */; };
		7DAA5CDF182245460044C307 /* detalle.png in Resources */ = {isa = PBXBuildFile; fileRef = 7DAA5CDE182245460044C307 /* detalle.png */; };
		7DAA5CE1182248E80044C307 /* button.jpg in Resources */ = {isa = PBXBuildFile; fileRef = 7DAA5CE0182248E80044C307 /* button.jpg */; };
		7DB87EDC17DEFE1E000EEBA2 /* CommonEx.m in Sources */ = {isa = PBXBuildFile; fileRef = 7DB87EDB17DEFE1E000EEBA2 /* CommonEx.m */; };
		7DB87EE417DF05E8000EEBA2 /* QuartzCore.framework in Frameworks */ = {isa = PBXBuildFile; fileRef = 7DB87EE317DF05E8000EEBA2 /* QuartzCore.framework */; };
		7DB87EE617DF05F0000EEBA2 /* StoreKit.framework in Frameworks */ = {isa = PBXBuildFile; fileRef = 7DB87EE517DF05F0000EEBA2 /* StoreKit.framework */; };
		7DB87EE817DF05F9000EEBA2 /* AVFoundation.framework in Frameworks */ = {isa = PBXBuildFile; fileRef = 7DB87EE717DF05F9000EEBA2 /* AVFoundation.framework */; };
		7DB87EEA17DF0600000EEBA2 /* AudioToolbox.framework in Frameworks */ = {isa = PBXBuildFile; fileRef = 7DB87EE917DF0600000EEBA2 /* AudioToolbox.framework */; };
		7DB87EEE17DF067C000EEBA2 /* ImageUtil.m in Sources */ = {isa = PBXBuildFile; fileRef = 7DB87EED17DF067C000EEBA2 /* ImageUtil.m */; };
		7DB87EF217DF06A9000EEBA2 /* SoundEffect.m in Sources */ = {isa = PBXBuildFile; fileRef = 7DB87EF117DF06A9000EEBA2 /* SoundEffect.m */; };
		7DB87EF517DF06BC000EEBA2 /* UIButtonEx.m in Sources */ = {isa = PBXBuildFile; fileRef = 7DB87EF417DF06BC000EEBA2 /* UIButtonEx.m */; };
		7DB87EF917DF0764000EEBA2 /* GameLevel.m in Sources */ = {isa = PBXBuildFile; fileRef = 7DB87EF817DF0764000EEBA2 /* GameLevel.m */; };
		7DB87F0017DF077A000EEBA2 /* game_data.json in Resources */ = {isa = PBXBuildFile; fileRef = 7DB87EFA17DF0779000EEBA2 /* game_data.json */; };
		7DB87F0117DF077A000EEBA2 /* game_levels.json in Resources */ = {isa = PBXBuildFile; fileRef = 7DB87EFB17DF0779000EEBA2 /* game_levels.json */; };
		7DB87F0217DF077A000EEBA2 /* GameData.m in Sources */ = {isa = PBXBuildFile; fileRef = 7DB87EFD17DF0779000EEBA2 /* GameData.m */; };
		7DB87F0317DF077A000EEBA2 /* GameManager.m in Sources */ = {isa = PBXBuildFile; fileRef = 7DB87EFF17DF0779000EEBA2 /* GameManager.m */; };
		7DB87F0D17DF07C1000EEBA2 /* CoverProgressView.m in Sources */ = {isa = PBXBuildFile; fileRef = 7DB87F0617DF07C1000EEBA2 /* CoverProgressView.m */; };
		7DB87F0E17DF07C1000EEBA2 /* MBProgressHUD.m in Sources */ = {isa = PBXBuildFile; fileRef = 7DB87F0817DF07C1000EEBA2 /* MBProgressHUD.m */; };
		7DB87F0F17DF07C1000EEBA2 /* NumberView.m in Sources */ = {isa = PBXBuildFile; fileRef = 7DB87F0A17DF07C1000EEBA2 /* NumberView.m */; };
		7DB87F1017DF07C1000EEBA2 /* ViewGroup.m in Sources */ = {isa = PBXBuildFile; fileRef = 7DB87F0C17DF07C1000EEBA2 /* ViewGroup.m */; };
		7DC39B22181A20E90093EB13 /* LifeManager.m in Sources */ = {isa = PBXBuildFile; fileRef = 7DC39B21181A20E90093EB13 /* LifeManager.m */; };
		7DC39B26181A212A0093EB13 /* LifeManagerViewController.m in Sources */ = {isa = PBXBuildFile; fileRef = 7DC39B24181A212A0093EB13 /* LifeManagerViewController.m */; };
		7DC39B27181A212A0093EB13 /* LifeManagerViewController.xib in Resources */ = {isa = PBXBuildFile; fileRef = 7DC39B25181A212A0093EB13 /* LifeManagerViewController.xib */; };
		7DE5E7651803FCA2001BB491 /* Icon.png in Resources */ = {isa = PBXBuildFile; fileRef = 7DE5E7641803FCA2001BB491 /* Icon.png */; };
		7DE5E7A318042383001BB491 /* MessageUI.framework in Frameworks */ = {isa = PBXBuildFile; fileRef = 7DE5E7A218042383001BB491 /* MessageUI.framework */; };
		7DEFA56D180EA041003E0CFF /* Readme.txt in Resources */ = {isa = PBXBuildFile; fileRef = 7DEFA56B180EA041003E0CFF /* Readme.txt */; };
		7DEFA572180EA0BF003E0CFF /* InAppPurchaser.m in Sources */ = {isa = PBXBuildFile; fileRef = 7DEFA56F180EA0BF003E0CFF /* InAppPurchaser.m */; };
		7DEFA573180EA0BF003E0CFF /* InAppPurchaserApple.m in Sources */ = {isa = PBXBuildFile; fileRef = 7DEFA571180EA0BF003E0CFF /* InAppPurchaserApple.m */; };
		7DEFA579180EA28A003E0CFF /* InAppPurchaseViewController.m in Sources */ = {isa = PBXBuildFile; fileRef = 7DEFA577180EA28A003E0CFF /* InAppPurchaseViewController.m */; };
		7DEFA57A180EA28A003E0CFF /* InAppPurchaseViewController.xib in Resources */ = {isa = PBXBuildFile; fileRef = 7DEFA578180EA28A003E0CFF /* InAppPurchaseViewController.xib */; };
		AFB687E6195C33720098B4BC /* CityPickerViewController.m in Sources */ = {isa = PBXBuildFile; fileRef = AFB687E5195C33720098B4BC /* CityPickerViewController.m */; };
		AFB687EA195C34E70098B4BC /* LineSwitch.m in Sources */ = {isa = PBXBuildFile; fileRef = AFB687E8195C34E70098B4BC /* LineSwitch.m */; };
		AFB687EB195C34E70098B4BC /* LineSwitch.xib in Resources */ = {isa = PBXBuildFile; fileRef = AFB687E9195C34E70098B4BC /* LineSwitch.xib */; };
		AFB687ED195C35A80098B4BC /* citydict.plist in Resources */ = {isa = PBXBuildFile; fileRef = AFB687EC195C35A80098B4BC /* citydict.plist */; };
		AFB687F1195C3BFA0098B4BC /* IndexNamesViewController.m in Sources */ = {isa = PBXBuildFile; fileRef = AFB687EF195C3BFA0098B4BC /* IndexNamesViewController.m */; };
		AFB6C7721975400C001246E9 /* WStepper.m in Sources */ = {isa = PBXBuildFile; fileRef = AFB6C7711975400C001246E9 /* WStepper.m */; };
		AFB8962D197E509C003EEF99 /* NaviCoverView.m in Sources */ = {isa = PBXBuildFile; fileRef = AFB8962C197E509C003EEF99 /* NaviCoverView.m */; };
/* End PBXBuildFile section */

/* Begin PBXFileReference section */
		2465B6B81941CC3F00BF3C81 /* WLifeManager.h */ = {isa = PBXFileReference; fileEncoding = 4; lastKnownFileType = sourcecode.c.h; path = WLifeManager.h; sourceTree = "<group>"; };
		2465B6B91941CC3F00BF3C81 /* WLifeManager.m */ = {isa = PBXFileReference; fileEncoding = 4; lastKnownFileType = sourcecode.c.objc; path = WLifeManager.m; sourceTree = "<group>"; };
		24904918191B778100CDC909 /* StringEx.h */ = {isa = PBXFileReference; fileEncoding = 4; lastKnownFileType = sourcecode.c.h; path = StringEx.h; sourceTree = "<group>"; };
		24904919191B778100CDC909 /* StringEx.m */ = {isa = PBXFileReference; fileEncoding = 4; lastKnownFileType = sourcecode.c.objc; path = StringEx.m; sourceTree = "<group>"; };
		24A858661946EABC00784729 /* DateEx.h */ = {isa = PBXFileReference; fileEncoding = 4; lastKnownFileType = sourcecode.c.h; path = DateEx.h; sourceTree = "<group>"; };
		24A858671946EABC00784729 /* DateEx.m */ = {isa = PBXFileReference; fileEncoding = 4; lastKnownFileType = sourcecode.c.objc; path = DateEx.m; sourceTree = "<group>"; };
		24AC79741940475F005ECB08 /* RandomUtil.h */ = {isa = PBXFileReference; fileEncoding = 4; lastKnownFileType = sourcecode.c.h; path = RandomUtil.h; sourceTree = "<group>"; };
		24AC79751940475F005ECB08 /* RandomUtil.m */ = {isa = PBXFileReference; fileEncoding = 4; lastKnownFileType = sourcecode.c.objc; path = RandomUtil.m; sourceTree = "<group>"; };
		7D483FFF17C5BD44009AC184 /* WAYNE_IOS_SDK.app */ = {isa = PBXFileReference; explicitFileType = wrapper.application; includeInIndex = 0; path = WAYNE_IOS_SDK.app; sourceTree = BUILT_PRODUCTS_DIR; };
		7D48400217C5BD44009AC184 /* UIKit.framework */ = {isa = PBXFileReference; lastKnownFileType = wrapper.framework; name = UIKit.framework; path = System/Library/Frameworks/UIKit.framework; sourceTree = SDKROOT; };
		7D48400417C5BD44009AC184 /* Foundation.framework */ = {isa = PBXFileReference; lastKnownFileType = wrapper.framework; name = Foundation.framework; path = System/Library/Frameworks/Foundation.framework; sourceTree = SDKROOT; };
		7D48400617C5BD44009AC184 /* CoreGraphics.framework */ = {isa = PBXFileReference; lastKnownFileType = wrapper.framework; name = CoreGraphics.framework; path = System/Library/Frameworks/CoreGraphics.framework; sourceTree = SDKROOT; };
		7D48400A17C5BD44009AC184 /* WAYNE_IOS_SDK-Info.plist */ = {isa = PBXFileReference; lastKnownFileType = text.plist.xml; path = "WAYNE_IOS_SDK-Info.plist"; sourceTree = "<group>"; };
		7D48400C17C5BD44009AC184 /* en */ = {isa = PBXFileReference; lastKnownFileType = text.plist.strings; name = en; path = en.lproj/InfoPlist.strings; sourceTree = "<group>"; };
		7D48400E17C5BD44009AC184 /* main.m */ = {isa = PBXFileReference; fileEncoding = 4; lastKnownFileType = sourcecode.c.objc; path = main.m; sourceTree = "<group>"; };
		7D48401017C5BD44009AC184 /* WAYNE_IOS_SDK-Prefix.pch */ = {isa = PBXFileReference; lastKnownFileType = sourcecode.c.h; path = "WAYNE_IOS_SDK-Prefix.pch"; sourceTree = "<group>"; };
		7D48401117C5BD45009AC184 /* AppDelegate.h */ = {isa = PBXFileReference; lastKnownFileType = sourcecode.c.h; path = AppDelegate.h; sourceTree = "<group>"; };
		7D48401217C5BD45009AC184 /* AppDelegate.m */ = {isa = PBXFileReference; lastKnownFileType = sourcecode.c.objc; path = AppDelegate.m; sourceTree = "<group>"; };
		7D48401417C5BD45009AC184 /* Default.png */ = {isa = PBXFileReference; lastKnownFileType = image.png; path = Default.png; sourceTree = "<group>"; };
		7D48401617C5BD45009AC184 /* Default@2x.png */ = {isa = PBXFileReference; lastKnownFileType = image.png; path = "Default@2x.png"; sourceTree = "<group>"; };
		7D48401817C5BD45009AC184 /* Default-568h@2x.png */ = {isa = PBXFileReference; lastKnownFileType = image.png; path = "Default-568h@2x.png"; sourceTree = "<group>"; };
		7D48401A17C5BD45009AC184 /* FirstViewController.h */ = {isa = PBXFileReference; lastKnownFileType = sourcecode.c.h; path = FirstViewController.h; sourceTree = "<group>"; };
		7D48401B17C5BD45009AC184 /* FirstViewController.m */ = {isa = PBXFileReference; lastKnownFileType = sourcecode.c.objc; path = FirstViewController.m; sourceTree = "<group>"; };
		7D48401D17C5BD45009AC184 /* first.png */ = {isa = PBXFileReference; lastKnownFileType = image.png; path = first.png; sourceTree = "<group>"; };
		7D48401F17C5BD45009AC184 /* first@2x.png */ = {isa = PBXFileReference; lastKnownFileType = image.png; path = "first@2x.png"; sourceTree = "<group>"; };
		7D48402117C5BD45009AC184 /* SecondViewController.h */ = {isa = PBXFileReference; lastKnownFileType = sourcecode.c.h; path = SecondViewController.h; sourceTree = "<group>"; };
		7D48402217C5BD45009AC184 /* SecondViewController.m */ = {isa = PBXFileReference; lastKnownFileType = sourcecode.c.objc; path = SecondViewController.m; sourceTree = "<group>"; };
		7D48402417C5BD45009AC184 /* second.png */ = {isa = PBXFileReference; lastKnownFileType = image.png; path = second.png; sourceTree = "<group>"; };
		7D48402617C5BD45009AC184 /* second@2x.png */ = {isa = PBXFileReference; lastKnownFileType = image.png; path = "second@2x.png"; sourceTree = "<group>"; };
		7D4AE8641818C87D00B19465 /* TimeUtil.h */ = {isa = PBXFileReference; fileEncoding = 4; lastKnownFileType = sourcecode.c.h; path = TimeUtil.h; sourceTree = "<group>"; };
		7D4AE8651818C87D00B19465 /* TimeUtil.m */ = {isa = PBXFileReference; fileEncoding = 4; lastKnownFileType = sourcecode.c.objc; path = TimeUtil.m; sourceTree = "<group>"; };
		7D95EE9517D85CB300506D05 /* zh-Hans */ = {isa = PBXFileReference; lastKnownFileType = text.plist.strings; name = "zh-Hans"; path = "zh-Hans.lproj/InfoPlist.strings"; sourceTree = "<group>"; };
		7D95EE9617D85CDA00506D05 /* zh-Hans */ = {isa = PBXFileReference; lastKnownFileType = file.xib; name = "zh-Hans"; path = "zh-Hans.lproj/FirstViewController.xib"; sourceTree = "<group>"; };
		7D95EE9817D85CF700506D05 /* zh-Hans */ = {isa = PBXFileReference; lastKnownFileType = file.xib; name = "zh-Hans"; path = "zh-Hans.lproj/SecondViewController.xib"; sourceTree = "<group>"; };
		7D9A96EF18122F9600E75B0D /* FacebookSDK.framework */ = {isa = PBXFileReference; lastKnownFileType = wrapper.framework; name = FacebookSDK.framework; path = WAYNE_IOS_SDK/libs/FacebookSDK.framework; sourceTree = "<group>"; };
		7D9A96F2181233E200E75B0D /* FacebookViewController.h */ = {isa = PBXFileReference; fileEncoding = 4; lastKnownFileType = sourcecode.c.h; path = FacebookViewController.h; sourceTree = "<group>"; };
		7D9A96F3181233E200E75B0D /* FacebookViewController.m */ = {isa = PBXFileReference; fileEncoding = 4; lastKnownFileType = sourcecode.c.objc; path = FacebookViewController.m; sourceTree = "<group>"; };
		7D9A96F4181233E200E75B0D /* FacebookViewController.xib */ = {isa = PBXFileReference; fileEncoding = 4; lastKnownFileType = file.xib; path = FacebookViewController.xib; sourceTree = "<group>"; };
		7D9A96F7181237A800E75B0D /* FBManager.h */ = {isa = PBXFileReference; fileEncoding = 4; lastKnownFileType = sourcecode.c.h; path = FBManager.h; sourceTree = "<group>"; };
		7D9A96F8181237A800E75B0D /* FBManager.m */ = {isa = PBXFileReference; fileEncoding = 4; lastKnownFileType = sourcecode.c.objc; path = FBManager.m; sourceTree = "<group>"; };
		7D9A96FA18123D0300E75B0D /* Social.framework */ = {isa = PBXFileReference; lastKnownFileType = wrapper.framework; name = Social.framework; path = System/Library/Frameworks/Social.framework; sourceTree = SDKROOT; };
		7D9A9D1A1803A01A00233E8C /* libz.dylib */ = {isa = PBXFileReference; lastKnownFileType = "compiled.mach-o.dylib"; name = libz.dylib; path = usr/lib/libz.dylib; sourceTree = SDKROOT; };
		7D9A9D351803D3B200233E8C /* en */ = {isa = PBXFileReference; lastKnownFileType = text.plist.strings; name = en; path = en.lproj/UMSocialLocalizable.strings; sourceTree = "<group>"; };
		7D9A9D381803D3B200233E8C /* TencentOpenAPI.framework */ = {isa = PBXFileReference; lastKnownFileType = wrapper.framework; path = TencentOpenAPI.framework; sourceTree = "<group>"; };
		7D9A9D3A1803D3B200233E8C /* libWeChatSDK.a */ = {isa = PBXFileReference; lastKnownFileType = archive.ar; path = libWeChatSDK.a; sourceTree = "<group>"; };
		7D9A9D3B1803D3B200233E8C /* WXApi.h */ = {isa = PBXFileReference; fileEncoding = 4; lastKnownFileType = sourcecode.c.h; path = WXApi.h; sourceTree = "<group>"; };
		7D9A9D3C1803D3B200233E8C /* WXApiObject.h */ = {isa = PBXFileReference; fileEncoding = 4; lastKnownFileType = sourcecode.c.h; path = WXApiObject.h; sourceTree = "<group>"; };
		7D9A9D3E1803D3B200233E8C /* UMSocial.h */ = {isa = PBXFileReference; fileEncoding = 4; lastKnownFileType = sourcecode.c.h; path = UMSocial.h; sourceTree = "<group>"; };
		7D9A9D3F1803D3B200233E8C /* UMSocialAccountManager.h */ = {isa = PBXFileReference; fileEncoding = 4; lastKnownFileType = sourcecode.c.h; path = UMSocialAccountManager.h; sourceTree = "<group>"; };
		7D9A9D401803D3B200233E8C /* UMSocialBar.h */ = {isa = PBXFileReference; fileEncoding = 4; lastKnownFileType = sourcecode.c.h; path = UMSocialBar.h; sourceTree = "<group>"; };
		7D9A9D411803D3B200233E8C /* UMSocialConfig.h */ = {isa = PBXFileReference; fileEncoding = 4; lastKnownFileType = sourcecode.c.h; path = UMSocialConfig.h; sourceTree = "<group>"; };
		7D9A9D421803D3B200233E8C /* UMSocialControllerService.h */ = {isa = PBXFileReference; fileEncoding = 4; lastKnownFileType = sourcecode.c.h; path = UMSocialControllerService.h; sourceTree = "<group>"; };
		7D9A9D431803D3B200233E8C /* UMSocialControllerServiceComment.h */ = {isa = PBXFileReference; fileEncoding = 4; lastKnownFileType = sourcecode.c.h; path = UMSocialControllerServiceComment.h; sourceTree = "<group>"; };
		7D9A9D441803D3B200233E8C /* UMSocialData.h */ = {isa = PBXFileReference; fileEncoding = 4; lastKnownFileType = sourcecode.c.h; path = UMSocialData.h; sourceTree = "<group>"; };
		7D9A9D451803D3B200233E8C /* UMSocialDataService.h */ = {isa = PBXFileReference; fileEncoding = 4; lastKnownFileType = sourcecode.c.h; path = UMSocialDataService.h; sourceTree = "<group>"; };
		7D9A9D461803D3B200233E8C /* UMSocialSnsPlatformManager.h */ = {isa = PBXFileReference; fileEncoding = 4; lastKnownFileType = sourcecode.c.h; path = UMSocialSnsPlatformManager.h; sourceTree = "<group>"; };
		7D9A9D471803D3B200233E8C /* UMSocialSnsService.h */ = {isa = PBXFileReference; fileEncoding = 4; lastKnownFileType = sourcecode.c.h; path = UMSocialSnsService.h; sourceTree = "<group>"; };
		7D9A9D481803D3B200233E8C /* libUMSocial_Sdk_3.0.a */ = {isa = PBXFileReference; lastKnownFileType = archive.ar; path = libUMSocial_Sdk_3.0.a; sourceTree = "<group>"; };
		7D9A9D491803D3B200233E8C /* libUMSocial_Sdk_Comment_3.0.a */ = {isa = PBXFileReference; lastKnownFileType = archive.ar; path = libUMSocial_Sdk_Comment_3.0.a; sourceTree = "<group>"; };
		7D9A9D4B1803D3B200233E8C /* UMSCommentDetailController.xib */ = {isa = PBXFileReference; fileEncoding = 4; lastKnownFileType = file.xib; path = UMSCommentDetailController.xib; sourceTree = "<group>"; };
		7D9A9D4C1803D3B200233E8C /* UMSCommentInputController.xib */ = {isa = PBXFileReference; fileEncoding = 4; lastKnownFileType = file.xib; path = UMSCommentInputController.xib; sourceTree = "<group>"; };
		7D9A9D4D1803D3B200233E8C /* UMSCommentInputControlleriPad.xib */ = {isa = PBXFileReference; fileEncoding = 4; lastKnownFileType = file.xib; path = UMSCommentInputControlleriPad.xib; sourceTree = "<group>"; };
		7D9A9D4E1803D3B200233E8C /* UMShareEditViewController.xib */ = {isa = PBXFileReference; fileEncoding = 4; lastKnownFileType = file.xib; path = UMShareEditViewController.xib; sourceTree = "<group>"; };
		7D9A9D4F1803D3B200233E8C /* UMShareEditViewControlleriPad.xib */ = {isa = PBXFileReference; fileEncoding = 4; lastKnownFileType = file.xib; path = UMShareEditViewControlleriPad.xib; sourceTree = "<group>"; };
		7D9A9D501803D3B200233E8C /* UMSLoginViewController.xib */ = {isa = PBXFileReference; fileEncoding = 4; lastKnownFileType = file.xib; path = UMSLoginViewController.xib; sourceTree = "<group>"; };
		7D9A9D511803D3B200233E8C /* UMSnsAccountViewController.xib */ = {isa = PBXFileReference; fileEncoding = 4; lastKnownFileType = file.xib; path = UMSnsAccountViewController.xib; sourceTree = "<group>"; };
		7D9A9D521803D3B200233E8C /* UMSShareListController.xib */ = {isa = PBXFileReference; fileEncoding = 4; lastKnownFileType = file.xib; path = UMSShareListController.xib; sourceTree = "<group>"; };
		7D9A9D531803D3B200233E8C /* UMSocialSDKResourcesNew.bundle */ = {isa = PBXFileReference; lastKnownFileType = "wrapper.plug-in"; path = UMSocialSDKResourcesNew.bundle; sourceTree = "<group>"; };
		7D9A9D541803D3B300233E8C /* zh-Hans */ = {isa = PBXFileReference; lastKnownFileType = text.plist.strings; name = "zh-Hans"; path = "zh-Hans.lproj/UMSocialLocalizable.strings"; sourceTree = "<group>"; };
		7D9A9D561803D3B300233E8C /* libMobClickLibrary.a */ = {isa = PBXFileReference; lastKnownFileType = archive.ar; path = libMobClickLibrary.a; sourceTree = "<group>"; };
		7D9A9D571803D3B300233E8C /* MobClick.h */ = {isa = PBXFileReference; fileEncoding = 4; lastKnownFileType = sourcecode.c.h; path = MobClick.h; sourceTree = "<group>"; };
		7D9A9D671803D42400233E8C /* libiconv.dylib */ = {isa = PBXFileReference; lastKnownFileType = "compiled.mach-o.dylib"; name = libiconv.dylib; path = usr/lib/libiconv.dylib; sourceTree = SDKROOT; };
		7D9A9D691803D43200233E8C /* SystemConfiguration.framework */ = {isa = PBXFileReference; lastKnownFileType = wrapper.framework; name = SystemConfiguration.framework; path = System/Library/Frameworks/SystemConfiguration.framework; sourceTree = SDKROOT; };
		7D9A9D6B1803D44200233E8C /* libsqlite3.dylib */ = {isa = PBXFileReference; lastKnownFileType = "compiled.mach-o.dylib"; name = libsqlite3.dylib; path = usr/lib/libsqlite3.dylib; sourceTree = SDKROOT; };
		7D9A9D6D1803D45100233E8C /* CoreTelephony.framework */ = {isa = PBXFileReference; lastKnownFileType = wrapper.framework; name = CoreTelephony.framework; path = System/Library/Frameworks/CoreTelephony.framework; sourceTree = SDKROOT; };
		7D9A9D6F1803D45C00233E8C /* libstdc++.dylib */ = {isa = PBXFileReference; lastKnownFileType = "compiled.mach-o.dylib"; name = "libstdc++.dylib"; path = "usr/lib/libstdc++.dylib"; sourceTree = SDKROOT; };
		7DA1594218338DD000B53857 /* ShareManager.h */ = {isa = PBXFileReference; fileEncoding = 4; lastKnownFileType = sourcecode.c.h; path = ShareManager.h; sourceTree = "<group>"; };
		7DA1594318338DD000B53857 /* ShareManager.m */ = {isa = PBXFileReference; fileEncoding = 4; lastKnownFileType = sourcecode.c.objc; path = ShareManager.m; sourceTree = "<group>"; };
		7DA1F5981815267D00310DD0 /* DataManager.h */ = {isa = PBXFileReference; fileEncoding = 4; lastKnownFileType = sourcecode.c.h; path = DataManager.h; sourceTree = "<group>"; };
		7DA1F5991815267D00310DD0 /* DataManager.m */ = {isa = PBXFileReference; fileEncoding = 4; lastKnownFileType = sourcecode.c.objc; path = DataManager.m; sourceTree = "<group>"; };
		7DA1F9F718057046007459B1 /* NotificationViewController.h */ = {isa = PBXFileReference; fileEncoding = 4; lastKnownFileType = sourcecode.c.h; path = NotificationViewController.h; sourceTree = "<group>"; };
		7DA1F9F818057046007459B1 /* NotificationViewController.m */ = {isa = PBXFileReference; fileEncoding = 4; lastKnownFileType = sourcecode.c.objc; path = NotificationViewController.m; sourceTree = "<group>"; };
		7DA1F9F918057046007459B1 /* NotificationViewController.xib */ = {isa = PBXFileReference; fileEncoding = 4; lastKnownFileType = file.xib; path = NotificationViewController.xib; sourceTree = "<group>"; };
		7DA1F9FC1805710E007459B1 /* MenuViewController.h */ = {isa = PBXFileReference; fileEncoding = 4; lastKnownFileType = sourcecode.c.h; path = MenuViewController.h; sourceTree = "<group>"; };
		7DA1F9FD1805710E007459B1 /* MenuViewController.m */ = {isa = PBXFileReference; fileEncoding = 4; lastKnownFileType = sourcecode.c.objc; path = MenuViewController.m; sourceTree = "<group>"; };
		7DA1F9FE1805710E007459B1 /* MenuViewController.xib */ = {isa = PBXFileReference; fileEncoding = 4; lastKnownFileType = file.xib; path = MenuViewController.xib; sourceTree = "<group>"; };
		7DA24925181E0E7700E9C7B5 /* NotificationManager.h */ = {isa = PBXFileReference; fileEncoding = 4; lastKnownFileType = sourcecode.c.h; path = NotificationManager.h; sourceTree = "<group>"; };
		7DA24926181E0E7700E9C7B5 /* NotificationManager.m */ = {isa = PBXFileReference; fileEncoding = 4; lastKnownFileType = sourcecode.c.objc; path = NotificationManager.m; sourceTree = "<group>"; };
		7DAA5CD7182210D60044C307 /* AnimationUtil.h */ = {isa = PBXFileReference; fileEncoding = 4; lastKnownFileType = sourcecode.c.h; path = AnimationUtil.h; sourceTree = "<group>"; };
		7DAA5CD8182210D60044C307 /* AnimationUtil.m */ = {isa = PBXFileReference; fileEncoding = 4; lastKnownFileType = sourcecode.c.objc; path = AnimationUtil.m; sourceTree = "<group>"; };
		7DAA5CDB182213040044C307 /* ViewCommonComputer.h */ = {isa = PBXFileReference; fileEncoding = 4; lastKnownFileType = sourcecode.c.h; path = ViewCommonComputer.h; sourceTree = "<group>"; };
		7DAA5CDC182213040044C307 /* ViewCommonComputer.m */ = {isa = PBXFileReference; fileEncoding = 4; lastKnownFileType = sourcecode.c.objc; path = ViewCommonComputer.m; sourceTree = "<group>"; };
		7DAA5CDE182245460044C307 /* detalle.png */ = {isa = PBXFileReference; lastKnownFileType = image.png; path = detalle.png; sourceTree = "<group>"; };
		7DAA5CE0182248E80044C307 /* button.jpg */ = {isa = PBXFileReference; lastKnownFileType = image.jpeg; path = button.jpg; sourceTree = "<group>"; };
		7DB87EDA17DEFE1E000EEBA2 /* CommonEx.h */ = {isa = PBXFileReference; fileEncoding = 4; lastKnownFileType = sourcecode.c.h; path = CommonEx.h; sourceTree = "<group>"; };
		7DB87EDB17DEFE1E000EEBA2 /* CommonEx.m */ = {isa = PBXFileReference; fileEncoding = 4; lastKnownFileType = sourcecode.c.objc; path = CommonEx.m; sourceTree = "<group>"; };
		7DB87EE317DF05E8000EEBA2 /* QuartzCore.framework */ = {isa = PBXFileReference; lastKnownFileType = wrapper.framework; name = QuartzCore.framework; path = System/Library/Frameworks/QuartzCore.framework; sourceTree = SDKROOT; };
		7DB87EE517DF05F0000EEBA2 /* StoreKit.framework */ = {isa = PBXFileReference; lastKnownFileType = wrapper.framework; name = StoreKit.framework; path = System/Library/Frameworks/StoreKit.framework; sourceTree = SDKROOT; };
		7DB87EE717DF05F9000EEBA2 /* AVFoundation.framework */ = {isa = PBXFileReference; lastKnownFileType = wrapper.framework; name = AVFoundation.framework; path = System/Library/Frameworks/AVFoundation.framework; sourceTree = SDKROOT; };
		7DB87EE917DF0600000EEBA2 /* AudioToolbox.framework */ = {isa = PBXFileReference; lastKnownFileType = wrapper.framework; name = AudioToolbox.framework; path = System/Library/Frameworks/AudioToolbox.framework; sourceTree = SDKROOT; };
		7DB87EEC17DF067C000EEBA2 /* ImageUtil.h */ = {isa = PBXFileReference; fileEncoding = 4; lastKnownFileType = sourcecode.c.h; path = ImageUtil.h; sourceTree = "<group>"; };
		7DB87EED17DF067C000EEBA2 /* ImageUtil.m */ = {isa = PBXFileReference; fileEncoding = 4; lastKnownFileType = sourcecode.c.objc; path = ImageUtil.m; sourceTree = "<group>"; };
		7DB87EF017DF06A9000EEBA2 /* SoundEffect.h */ = {isa = PBXFileReference; fileEncoding = 4; lastKnownFileType = sourcecode.c.h; path = SoundEffect.h; sourceTree = "<group>"; };
		7DB87EF117DF06A9000EEBA2 /* SoundEffect.m */ = {isa = PBXFileReference; fileEncoding = 4; lastKnownFileType = sourcecode.c.objc; path = SoundEffect.m; sourceTree = "<group>"; };
		7DB87EF317DF06BC000EEBA2 /* UIButtonEx.h */ = {isa = PBXFileReference; fileEncoding = 4; lastKnownFileType = sourcecode.c.h; path = UIButtonEx.h; sourceTree = "<group>"; };
		7DB87EF417DF06BC000EEBA2 /* UIButtonEx.m */ = {isa = PBXFileReference; fileEncoding = 4; lastKnownFileType = sourcecode.c.objc; path = UIButtonEx.m; sourceTree = "<group>"; };
		7DB87EF717DF0764000EEBA2 /* GameLevel.h */ = {isa = PBXFileReference; fileEncoding = 4; lastKnownFileType = sourcecode.c.h; path = GameLevel.h; sourceTree = "<group>"; };
		7DB87EF817DF0764000EEBA2 /* GameLevel.m */ = {isa = PBXFileReference; fileEncoding = 4; lastKnownFileType = sourcecode.c.objc; path = GameLevel.m; sourceTree = "<group>"; };
		7DB87EFA17DF0779000EEBA2 /* game_data.json */ = {isa = PBXFileReference; fileEncoding = 4; lastKnownFileType = text.json; path = game_data.json; sourceTree = "<group>"; };
		7DB87EFB17DF0779000EEBA2 /* game_levels.json */ = {isa = PBXFileReference; fileEncoding = 4; lastKnownFileType = text.json; path = game_levels.json; sourceTree = "<group>"; };
		7DB87EFC17DF0779000EEBA2 /* GameData.h */ = {isa = PBXFileReference; fileEncoding = 4; lastKnownFileType = sourcecode.c.h; path = GameData.h; sourceTree = "<group>"; };
		7DB87EFD17DF0779000EEBA2 /* GameData.m */ = {isa = PBXFileReference; fileEncoding = 4; lastKnownFileType = sourcecode.c.objc; path = GameData.m; sourceTree = "<group>"; };
		7DB87EFE17DF0779000EEBA2 /* GameManager.h */ = {isa = PBXFileReference; fileEncoding = 4; lastKnownFileType = sourcecode.c.h; path = GameManager.h; sourceTree = "<group>"; };
		7DB87EFF17DF0779000EEBA2 /* GameManager.m */ = {isa = PBXFileReference; fileEncoding = 4; lastKnownFileType = sourcecode.c.objc; path = GameManager.m; sourceTree = "<group>"; };
		7DB87F0517DF07C1000EEBA2 /* CoverProgressView.h */ = {isa = PBXFileReference; fileEncoding = 4; lastKnownFileType = sourcecode.c.h; path = CoverProgressView.h; sourceTree = "<group>"; };
		7DB87F0617DF07C1000EEBA2 /* CoverProgressView.m */ = {isa = PBXFileReference; fileEncoding = 4; lastKnownFileType = sourcecode.c.objc; path = CoverProgressView.m; sourceTree = "<group>"; };
		7DB87F0717DF07C1000EEBA2 /* MBProgressHUD.h */ = {isa = PBXFileReference; fileEncoding = 4; lastKnownFileType = sourcecode.c.h; path = MBProgressHUD.h; sourceTree = "<group>"; };
		7DB87F0817DF07C1000EEBA2 /* MBProgressHUD.m */ = {isa = PBXFileReference; fileEncoding = 4; lastKnownFileType = sourcecode.c.objc; path = MBProgressHUD.m; sourceTree = "<group>"; };
		7DB87F0917DF07C1000EEBA2 /* NumberView.h */ = {isa = PBXFileReference; fileEncoding = 4; lastKnownFileType = sourcecode.c.h; path = NumberView.h; sourceTree = "<group>"; };
		7DB87F0A17DF07C1000EEBA2 /* NumberView.m */ = {isa = PBXFileReference; fileEncoding = 4; lastKnownFileType = sourcecode.c.objc; path = NumberView.m; sourceTree = "<group>"; };
		7DB87F0B17DF07C1000EEBA2 /* ViewGroup.h */ = {isa = PBXFileReference; fileEncoding = 4; lastKnownFileType = sourcecode.c.h; path = ViewGroup.h; sourceTree = "<group>"; };
		7DB87F0C17DF07C1000EEBA2 /* ViewGroup.m */ = {isa = PBXFileReference; fileEncoding = 4; lastKnownFileType = sourcecode.c.objc; path = ViewGroup.m; sourceTree = "<group>"; };
		7DC39B20181A20E90093EB13 /* LifeManager.h */ = {isa = PBXFileReference; fileEncoding = 4; lastKnownFileType = sourcecode.c.h; path = LifeManager.h; sourceTree = "<group>"; };
		7DC39B21181A20E90093EB13 /* LifeManager.m */ = {isa = PBXFileReference; fileEncoding = 4; lastKnownFileType = sourcecode.c.objc; path = LifeManager.m; sourceTree = "<group>"; };
		7DC39B23181A212A0093EB13 /* LifeManagerViewController.h */ = {isa = PBXFileReference; fileEncoding = 4; lastKnownFileType = sourcecode.c.h; path = LifeManagerViewController.h; sourceTree = "<group>"; };
		7DC39B24181A212A0093EB13 /* LifeManagerViewController.m */ = {isa = PBXFileReference; fileEncoding = 4; lastKnownFileType = sourcecode.c.objc; path = LifeManagerViewController.m; sourceTree = "<group>"; };
		7DC39B25181A212A0093EB13 /* LifeManagerViewController.xib */ = {isa = PBXFileReference; fileEncoding = 4; lastKnownFileType = file.xib; path = LifeManagerViewController.xib; sourceTree = "<group>"; };
		7DE5E7641803FCA2001BB491 /* Icon.png */ = {isa = PBXFileReference; lastKnownFileType = image.png; path = Icon.png; sourceTree = "<group>"; };
		7DE5E7A218042383001BB491 /* MessageUI.framework */ = {isa = PBXFileReference; lastKnownFileType = wrapper.framework; name = MessageUI.framework; path = System/Library/Frameworks/MessageUI.framework; sourceTree = SDKROOT; };
		7DEFA56B180EA041003E0CFF /* Readme.txt */ = {isa = PBXFileReference; fileEncoding = 4; lastKnownFileType = text; path = Readme.txt; sourceTree = "<group>"; };
		7DEFA56E180EA0BF003E0CFF /* InAppPurchaser.h */ = {isa = PBXFileReference; fileEncoding = 4; lastKnownFileType = sourcecode.c.h; path = InAppPurchaser.h; sourceTree = "<group>"; };
		7DEFA56F180EA0BF003E0CFF /* InAppPurchaser.m */ = {isa = PBXFileReference; fileEncoding = 4; lastKnownFileType = sourcecode.c.objc; path = InAppPurchaser.m; sourceTree = "<group>"; };
		7DEFA570180EA0BF003E0CFF /* InAppPurchaserApple.h */ = {isa = PBXFileReference; fileEncoding = 4; lastKnownFileType = sourcecode.c.h; path = InAppPurchaserApple.h; sourceTree = "<group>"; };
		7DEFA571180EA0BF003E0CFF /* InAppPurchaserApple.m */ = {isa = PBXFileReference; fileEncoding = 4; lastKnownFileType = sourcecode.c.objc; path = InAppPurchaserApple.m; sourceTree = "<group>"; };
		7DEFA576180EA28A003E0CFF /* InAppPurchaseViewController.h */ = {isa = PBXFileReference; fileEncoding = 4; lastKnownFileType = sourcecode.c.h; path = InAppPurchaseViewController.h; sourceTree = "<group>"; };
		7DEFA577180EA28A003E0CFF /* InAppPurchaseViewController.m */ = {isa = PBXFileReference; fileEncoding = 4; lastKnownFileType = sourcecode.c.objc; path = InAppPurchaseViewController.m; sourceTree = "<group>"; };
		7DEFA578180EA28A003E0CFF /* InAppPurchaseViewController.xib */ = {isa = PBXFileReference; fileEncoding = 4; lastKnownFileType = file.xib; path = InAppPurchaseViewController.xib; sourceTree = "<group>"; };
		AFB687E4195C33720098B4BC /* CityPickerViewController.h */ = {isa = PBXFileReference; fileEncoding = 4; lastKnownFileType = sourcecode.c.h; path = CityPickerViewController.h; sourceTree = "<group>"; };
		AFB687E5195C33720098B4BC /* CityPickerViewController.m */ = {isa = PBXFileReference; fileEncoding = 4; lastKnownFileType = sourcecode.c.objc; path = CityPickerViewController.m; sourceTree = "<group>"; };
		AFB687E7195C34E70098B4BC /* LineSwitch.h */ = {isa = PBXFileReference; fileEncoding = 4; lastKnownFileType = sourcecode.c.h; path = LineSwitch.h; sourceTree = "<group>"; };
		AFB687E8195C34E70098B4BC /* LineSwitch.m */ = {isa = PBXFileReference; fileEncoding = 4; lastKnownFileType = sourcecode.c.objc; path = LineSwitch.m; sourceTree = "<group>"; };
		AFB687E9195C34E70098B4BC /* LineSwitch.xib */ = {isa = PBXFileReference; fileEncoding = 4; lastKnownFileType = file.xib; path = LineSwitch.xib; sourceTree = "<group>"; };
		AFB687EC195C35A80098B4BC /* citydict.plist */ = {isa = PBXFileReference; fileEncoding = 4; lastKnownFileType = text.plist.xml; path = citydict.plist; sourceTree = "<group>"; };
		AFB687EE195C3BFA0098B4BC /* IndexNamesViewController.h */ = {isa = PBXFileReference; fileEncoding = 4; lastKnownFileType = sourcecode.c.h; path = IndexNamesViewController.h; sourceTree = "<group>"; };
		AFB687EF195C3BFA0098B4BC /* IndexNamesViewController.m */ = {isa = PBXFileReference; fileEncoding = 4; lastKnownFileType = sourcecode.c.objc; path = IndexNamesViewController.m; sourceTree = "<group>"; };
		AFB687F0195C3BFA0098B4BC /* IndexNamesViewController.xib */ = {isa = PBXFileReference; fileEncoding = 4; lastKnownFileType = file.xib; path = IndexNamesViewController.xib; sourceTree = "<group>"; };
		AFB6C7701975400C001246E9 /* WStepper.h */ = {isa = PBXFileReference; fileEncoding = 4; lastKnownFileType = sourcecode.c.h; path = WStepper.h; sourceTree = "<group>"; };
		AFB6C7711975400C001246E9 /* WStepper.m */ = {isa = PBXFileReference; fileEncoding = 4; lastKnownFileType = sourcecode.c.objc; path = WStepper.m; sourceTree = "<group>"; };
		AFB8962B197E509C003EEF99 /* NaviCoverView.h */ = {isa = PBXFileReference; fileEncoding = 4; lastKnownFileType = sourcecode.c.h; path = NaviCoverView.h; sourceTree = "<group>"; };
		AFB8962C197E509C003EEF99 /* NaviCoverView.m */ = {isa = PBXFileReference; fileEncoding = 4; lastKnownFileType = sourcecode.c.objc; path = NaviCoverView.m; sourceTree = "<group>"; };
/* End PBXFileReference section */

/* Begin PBXFrameworksBuildPhase section */
		7D483FFC17C5BD44009AC184 /* Frameworks */ = {
			isa = PBXFrameworksBuildPhase;
			buildActionMask = 2147483647;
			files = (
				7D9A96FB18123D0300E75B0D /* Social.framework in Frameworks */,
				7DE5E7A318042383001BB491 /* MessageUI.framework in Frameworks */,
				7D9A96F018122F9600E75B0D /* FacebookSDK.framework in Frameworks */,
				7D9A9D701803D45C00233E8C /* libstdc++.dylib in Frameworks */,
				7D9A9D6E1803D45200233E8C /* CoreTelephony.framework in Frameworks */,
				7D9A9D6C1803D44200233E8C /* libsqlite3.dylib in Frameworks */,
				7D9A9D6A1803D43200233E8C /* SystemConfiguration.framework in Frameworks */,
				7D9A9D681803D42400233E8C /* libiconv.dylib in Frameworks */,
				7D9A9D1B1803A01A00233E8C /* libz.dylib in Frameworks */,
				7D9A9D591803D3B300233E8C /* TencentOpenAPI.framework in Frameworks */,
				7D9A9D661803D3B300233E8C /* libMobClickLibrary.a in Frameworks */,
				7DB87EEA17DF0600000EEBA2 /* AudioToolbox.framework in Frameworks */,
				7DB87EE817DF05F9000EEBA2 /* AVFoundation.framework in Frameworks */,
				7D9A9D5A1803D3B300233E8C /* libWeChatSDK.a in Frameworks */,
				7DB87EE617DF05F0000EEBA2 /* StoreKit.framework in Frameworks */,
				7D9A9D5B1803D3B300233E8C /* libUMSocial_Sdk_3.0.a in Frameworks */,
				7D9A9D5C1803D3B300233E8C /* libUMSocial_Sdk_Comment_3.0.a in Frameworks */,
				7DB87EE417DF05E8000EEBA2 /* QuartzCore.framework in Frameworks */,
				7D48400317C5BD44009AC184 /* UIKit.framework in Frameworks */,
				7D48400517C5BD44009AC184 /* Foundation.framework in Frameworks */,
				7D48400717C5BD44009AC184 /* CoreGraphics.framework in Frameworks */,
			);
			runOnlyForDeploymentPostprocessing = 0;
		};
/* End PBXFrameworksBuildPhase section */

/* Begin PBXGroup section */
		24904917191B76E100CDC909 /* 文字处理 */ = {
			isa = PBXGroup;
			children = (
				AFB687E4195C33720098B4BC /* CityPickerViewController.h */,
				AFB687E5195C33720098B4BC /* CityPickerViewController.m */,
				AFB687EE195C3BFA0098B4BC /* IndexNamesViewController.h */,
				AFB687EF195C3BFA0098B4BC /* IndexNamesViewController.m */,
				AFB687F0195C3BFA0098B4BC /* IndexNamesViewController.xib */,
				AFB687EC195C35A80098B4BC /* citydict.plist */,
				24904918191B778100CDC909 /* StringEx.h */,
				24904919191B778100CDC909 /* StringEx.m */,
				24A858661946EABC00784729 /* DateEx.h */,
				24A858671946EABC00784729 /* DateEx.m */,
				AFB687E7195C34E70098B4BC /* LineSwitch.h */,
				AFB687E8195C34E70098B4BC /* LineSwitch.m */,
				AFB687E9195C34E70098B4BC /* LineSwitch.xib */,
			);
			path = "文字处理";
			sourceTree = "<group>";
		};
		7D483FF617C5BD44009AC184 = {
			isa = PBXGroup;
			children = (
				7D48400817C5BD44009AC184 /* WAYNE_IOS_SDK */,
				7D48400117C5BD44009AC184 /* Frameworks */,
				7D48400017C5BD44009AC184 /* Products */,
			);
			sourceTree = "<group>";
		};
		7D48400017C5BD44009AC184 /* Products */ = {
			isa = PBXGroup;
			children = (
				7D483FFF17C5BD44009AC184 /* WAYNE_IOS_SDK.app */,
			);
			name = Products;
			sourceTree = "<group>";
		};
		7D48400117C5BD44009AC184 /* Frameworks */ = {
			isa = PBXGroup;
			children = (
				7D9A96FA18123D0300E75B0D /* Social.framework */,
				7D9A96EF18122F9600E75B0D /* FacebookSDK.framework */,
				7DE5E7A218042383001BB491 /* MessageUI.framework */,
				7D9A9D6F1803D45C00233E8C /* libstdc++.dylib */,
				7D9A9D6D1803D45100233E8C /* CoreTelephony.framework */,
				7D9A9D6B1803D44200233E8C /* libsqlite3.dylib */,
				7D9A9D691803D43200233E8C /* SystemConfiguration.framework */,
				7D9A9D671803D42400233E8C /* libiconv.dylib */,
				7D9A9D1A1803A01A00233E8C /* libz.dylib */,
				7DB87EE917DF0600000EEBA2 /* AudioToolbox.framework */,
				7DB87EE717DF05F9000EEBA2 /* AVFoundation.framework */,
				7DB87EE517DF05F0000EEBA2 /* StoreKit.framework */,
				7DB87EE317DF05E8000EEBA2 /* QuartzCore.framework */,
				7D48400217C5BD44009AC184 /* UIKit.framework */,
				7D48400417C5BD44009AC184 /* Foundation.framework */,
				7D48400617C5BD44009AC184 /* CoreGraphics.framework */,
			);
			name = Frameworks;
			sourceTree = "<group>";
		};
		7D48400817C5BD44009AC184 /* WAYNE_IOS_SDK */ = {
			isa = PBXGroup;
			children = (
				7D48401117C5BD45009AC184 /* AppDelegate.h */,
				7D48401217C5BD45009AC184 /* AppDelegate.m */,
				7DA1F9FC1805710E007459B1 /* MenuViewController.h */,
				7DA1F9FD1805710E007459B1 /* MenuViewController.m */,
				7DA1F9FE1805710E007459B1 /* MenuViewController.xib */,
				7DA1F9F518056FFB007459B1 /* API */,
				7DB87ED917DEFDD0000EEBA2 /* Utils */,
				7DB87ED817DEFDBF000EEBA2 /* ROOT */,
				7D48400917C5BD44009AC184 /* Supporting Files */,
			);
			path = WAYNE_IOS_SDK;
			sourceTree = "<group>";
		};
		7D48400917C5BD44009AC184 /* Supporting Files */ = {
			isa = PBXGroup;
			children = (
				7D9A9D1518039FD100233E8C /* libs */,
				7D48400A17C5BD44009AC184 /* WAYNE_IOS_SDK-Info.plist */,
				7D48400B17C5BD44009AC184 /* InfoPlist.strings */,
				7D48400E17C5BD44009AC184 /* main.m */,
				7D48401017C5BD44009AC184 /* WAYNE_IOS_SDK-Prefix.pch */,
				7DE5E7641803FCA2001BB491 /* Icon.png */,
				7D48401417C5BD45009AC184 /* Default.png */,
				7D48401617C5BD45009AC184 /* Default@2x.png */,
				7D48401817C5BD45009AC184 /* Default-568h@2x.png */,
			);
			name = "Supporting Files";
			sourceTree = "<group>";
		};
		7D9A96F1181233BA00E75B0D /* Facebook */ = {
			isa = PBXGroup;
			children = (
				7D9A96F7181237A800E75B0D /* FBManager.h */,
				7D9A96F8181237A800E75B0D /* FBManager.m */,
				7D9A96F2181233E200E75B0D /* FacebookViewController.h */,
				7D9A96F3181233E200E75B0D /* FacebookViewController.m */,
				7D9A96F4181233E200E75B0D /* FacebookViewController.xib */,
			);
			path = Facebook;
			sourceTree = "<group>";
		};
		7D9A9D1518039FD100233E8C /* libs */ = {
			isa = PBXGroup;
			children = (
				7D9A9D1618039FD100233E8C /* UMeng */,
			);
			path = libs;
			sourceTree = "<group>";
		};
		7D9A9D1618039FD100233E8C /* UMeng */ = {
			isa = PBXGroup;
			children = (
				7D9A9D331803D3B200233E8C /* UMSocial_Sdk_3.0 */,
				7D9A9D551803D3B300233E8C /* UMAnalytics_Sdk_2.2.1.OpenUDID */,
			);
			path = UMeng;
			sourceTree = "<group>";
		};
		7D9A9D331803D3B200233E8C /* UMSocial_Sdk_3.0 */ = {
			isa = PBXGroup;
			children = (
				7D9A9D341803D3B200233E8C /* UMSocialLocalizable.strings */,
				7D9A9D361803D3B200233E8C /* frameworks */,
				7D9A9D3D1803D3B200233E8C /* Header */,
				7D9A9D481803D3B200233E8C /* libUMSocial_Sdk_3.0.a */,
				7D9A9D491803D3B200233E8C /* libUMSocial_Sdk_Comment_3.0.a */,
				7D9A9D4A1803D3B200233E8C /* SocialSDKXib */,
				7D9A9D531803D3B200233E8C /* UMSocialSDKResourcesNew.bundle */,
			);
			path = UMSocial_Sdk_3.0;
			sourceTree = "<group>";
		};
		7D9A9D361803D3B200233E8C /* frameworks */ = {
			isa = PBXGroup;
			children = (
				7D9A9D371803D3B200233E8C /* TencentOpenAPI */,
				7D9A9D391803D3B200233E8C /* Wechat */,
			);
			path = frameworks;
			sourceTree = "<group>";
		};
		7D9A9D371803D3B200233E8C /* TencentOpenAPI */ = {
			isa = PBXGroup;
			children = (
				7D9A9D381803D3B200233E8C /* TencentOpenAPI.framework */,
			);
			path = TencentOpenAPI;
			sourceTree = "<group>";
		};
		7D9A9D391803D3B200233E8C /* Wechat */ = {
			isa = PBXGroup;
			children = (
				7D9A9D3A1803D3B200233E8C /* libWeChatSDK.a */,
				7D9A9D3B1803D3B200233E8C /* WXApi.h */,
				7D9A9D3C1803D3B200233E8C /* WXApiObject.h */,
			);
			path = Wechat;
			sourceTree = "<group>";
		};
		7D9A9D3D1803D3B200233E8C /* Header */ = {
			isa = PBXGroup;
			children = (
				7D9A9D3E1803D3B200233E8C /* UMSocial.h */,
				7D9A9D3F1803D3B200233E8C /* UMSocialAccountManager.h */,
				7D9A9D401803D3B200233E8C /* UMSocialBar.h */,
				7D9A9D411803D3B200233E8C /* UMSocialConfig.h */,
				7D9A9D421803D3B200233E8C /* UMSocialControllerService.h */,
				7D9A9D431803D3B200233E8C /* UMSocialControllerServiceComment.h */,
				7D9A9D441803D3B200233E8C /* UMSocialData.h */,
				7D9A9D451803D3B200233E8C /* UMSocialDataService.h */,
				7D9A9D461803D3B200233E8C /* UMSocialSnsPlatformManager.h */,
				7D9A9D471803D3B200233E8C /* UMSocialSnsService.h */,
			);
			path = Header;
			sourceTree = "<group>";
		};
		7D9A9D4A1803D3B200233E8C /* SocialSDKXib */ = {
			isa = PBXGroup;
			children = (
				7D9A9D4B1803D3B200233E8C /* UMSCommentDetailController.xib */,
				7D9A9D4C1803D3B200233E8C /* UMSCommentInputController.xib */,
				7D9A9D4D1803D3B200233E8C /* UMSCommentInputControlleriPad.xib */,
				7D9A9D4E1803D3B200233E8C /* UMShareEditViewController.xib */,
				7D9A9D4F1803D3B200233E8C /* UMShareEditViewControlleriPad.xib */,
				7D9A9D501803D3B200233E8C /* UMSLoginViewController.xib */,
				7D9A9D511803D3B200233E8C /* UMSnsAccountViewController.xib */,
				7D9A9D521803D3B200233E8C /* UMSShareListController.xib */,
			);
			path = SocialSDKXib;
			sourceTree = "<group>";
		};
		7D9A9D551803D3B300233E8C /* UMAnalytics_Sdk_2.2.1.OpenUDID */ = {
			isa = PBXGroup;
			children = (
				7D9A9D561803D3B300233E8C /* libMobClickLibrary.a */,
				7D9A9D571803D3B300233E8C /* MobClick.h */,
			);
			path = UMAnalytics_Sdk_2.2.1.OpenUDID;
			sourceTree = "<group>";
		};
		7DA1F9F518056FFB007459B1 /* API */ = {
			isa = PBXGroup;
			children = (
				7DAA5CDA182212E30044C307 /* ViewCompute */,
				7DAA5CD6182210B10044C307 /* Animation */,
				7DC39B1F181A20CF0093EB13 /* LifeManager */,
				7D9A96F1181233BA00E75B0D /* Facebook */,
				7DEFA568180EA011003E0CFF /* InAppPurchase */,
				7DA1F9F618057014007459B1 /* Notification */,
			);
			name = API;
			sourceTree = "<group>";
		};
		7DA1F9F618057014007459B1 /* Notification */ = {
			isa = PBXGroup;
			children = (
				7DA1F9F718057046007459B1 /* NotificationViewController.h */,
				7DA1F9F818057046007459B1 /* NotificationViewController.m */,
				7DA1F9F918057046007459B1 /* NotificationViewController.xib */,
				7DA24925181E0E7700E9C7B5 /* NotificationManager.h */,
				7DA24926181E0E7700E9C7B5 /* NotificationManager.m */,
			);
			name = Notification;
			sourceTree = "<group>";
		};
		7DAA5CD6182210B10044C307 /* Animation */ = {
			isa = PBXGroup;
			children = (
				7DAA5CD7182210D60044C307 /* AnimationUtil.h */,
				7DAA5CD8182210D60044C307 /* AnimationUtil.m */,
			);
			path = Animation;
			sourceTree = "<group>";
		};
		7DAA5CDA182212E30044C307 /* ViewCompute */ = {
			isa = PBXGroup;
			children = (
				7DAA5CDB182213040044C307 /* ViewCommonComputer.h */,
				7DAA5CDC182213040044C307 /* ViewCommonComputer.m */,
			);
			path = ViewCompute;
			sourceTree = "<group>";
		};
		7DB87ED817DEFDBF000EEBA2 /* ROOT */ = {
			isa = PBXGroup;
			children = (
				7D48401A17C5BD45009AC184 /* FirstViewController.h */,
				7D48401B17C5BD45009AC184 /* FirstViewController.m */,
				7D48401D17C5BD45009AC184 /* first.png */,
				7D48401F17C5BD45009AC184 /* first@2x.png */,
				7D48402117C5BD45009AC184 /* SecondViewController.h */,
				7D48402217C5BD45009AC184 /* SecondViewController.m */,
				7D48402417C5BD45009AC184 /* second.png */,
				7D48402617C5BD45009AC184 /* second@2x.png */,
				7D48402817C5BD45009AC184 /* FirstViewController.xib */,
				7D48402E17C5BD45009AC184 /* SecondViewController.xib */,
			);
			name = ROOT;
			sourceTree = "<group>";
		};
		7DB87ED917DEFDD0000EEBA2 /* Utils */ = {
			isa = PBXGroup;
			children = (
				24AC79741940475F005ECB08 /* RandomUtil.h */,
				24AC79751940475F005ECB08 /* RandomUtil.m */,
				24904917191B76E100CDC909 /* 文字处理 */,
				7DB87F0417DF07B1000EEBA2 /* Views */,
				7DB87EF617DF0744000EEBA2 /* Data File */,
				7DB87EEF17DF0691000EEBA2 /* Sound */,
				7DB87EEB17DF0656000EEBA2 /* Image */,
				7DB87EDA17DEFE1E000EEBA2 /* CommonEx.h */,
				7DB87EDB17DEFE1E000EEBA2 /* CommonEx.m */,
				7D4AE8641818C87D00B19465 /* TimeUtil.h */,
				7D4AE8651818C87D00B19465 /* TimeUtil.m */,
			);
			name = Utils;
			sourceTree = "<group>";
		};
		7DB87EEB17DF0656000EEBA2 /* Image */ = {
			isa = PBXGroup;
			children = (
				7DB87EEC17DF067C000EEBA2 /* ImageUtil.h */,
				7DB87EED17DF067C000EEBA2 /* ImageUtil.m */,
			);
			name = Image;
			sourceTree = "<group>";
		};
		7DB87EEF17DF0691000EEBA2 /* Sound */ = {
			isa = PBXGroup;
			children = (
				7DB87EF017DF06A9000EEBA2 /* SoundEffect.h */,
				7DB87EF117DF06A9000EEBA2 /* SoundEffect.m */,
				7DB87EF317DF06BC000EEBA2 /* UIButtonEx.h */,
				7DB87EF417DF06BC000EEBA2 /* UIButtonEx.m */,
			);
			name = Sound;
			sourceTree = "<group>";
		};
		7DB87EF617DF0744000EEBA2 /* Data File */ = {
			isa = PBXGroup;
			children = (
				7DB87EFA17DF0779000EEBA2 /* game_data.json */,
				7DB87EFB17DF0779000EEBA2 /* game_levels.json */,
				7DB87EFC17DF0779000EEBA2 /* GameData.h */,
				7DB87EFD17DF0779000EEBA2 /* GameData.m */,
				7DB87EFE17DF0779000EEBA2 /* GameManager.h */,
				7DB87EFF17DF0779000EEBA2 /* GameManager.m */,
				7DB87EF717DF0764000EEBA2 /* GameLevel.h */,
				7DB87EF817DF0764000EEBA2 /* GameLevel.m */,
				7DA1F5981815267D00310DD0 /* DataManager.h */,
				7DA1F5991815267D00310DD0 /* DataManager.m */,
			);
			name = "Data File";
			sourceTree = "<group>";
		};
		7DB87F0417DF07B1000EEBA2 /* Views */ = {
			isa = PBXGroup;
			children = (
				7DB87F0517DF07C1000EEBA2 /* CoverProgressView.h */,
				7DB87F0617DF07C1000EEBA2 /* CoverProgressView.m */,
				7DB87F0717DF07C1000EEBA2 /* MBProgressHUD.h */,
				7DB87F0817DF07C1000EEBA2 /* MBProgressHUD.m */,
				7DB87F0917DF07C1000EEBA2 /* NumberView.h */,
				7DB87F0A17DF07C1000EEBA2 /* NumberView.m */,
				7DAA5CDE182245460044C307 /* detalle.png */,
				7DAA5CE0182248E80044C307 /* button.jpg */,
				7DB87F0B17DF07C1000EEBA2 /* ViewGroup.h */,
				7DB87F0C17DF07C1000EEBA2 /* ViewGroup.m */,
				7DA1594218338DD000B53857 /* ShareManager.h */,
				7DA1594318338DD000B53857 /* ShareManager.m */,
				AFB6C7701975400C001246E9 /* WStepper.h */,
				AFB6C7711975400C001246E9 /* WStepper.m */,
				AFB8962B197E509C003EEF99 /* NaviCoverView.h */,
				AFB8962C197E509C003EEF99 /* NaviCoverView.m */,
			);
			name = Views;
			sourceTree = "<group>";
		};
		7DC39B1F181A20CF0093EB13 /* LifeManager */ = {
			isa = PBXGroup;
			children = (
				2465B6B81941CC3F00BF3C81 /* WLifeManager.h */,
				2465B6B91941CC3F00BF3C81 /* WLifeManager.m */,
				7DC39B23181A212A0093EB13 /* LifeManagerViewController.h */,
				7DC39B24181A212A0093EB13 /* LifeManagerViewController.m */,
				7DC39B25181A212A0093EB13 /* LifeManagerViewController.xib */,
				7DC39B20181A20E90093EB13 /* LifeManager.h */,
				7DC39B21181A20E90093EB13 /* LifeManager.m */,
			);
			path = LifeManager;
			sourceTree = "<group>";
		};
		7DEFA568180EA011003E0CFF /* InAppPurchase */ = {
			isa = PBXGroup;
			children = (
				7DEFA575180EA267003E0CFF /* Demo */,
				7DEFA56E180EA0BF003E0CFF /* InAppPurchaser.h */,
				7DEFA56F180EA0BF003E0CFF /* InAppPurchaser.m */,
				7DEFA570180EA0BF003E0CFF /* InAppPurchaserApple.h */,
				7DEFA571180EA0BF003E0CFF /* InAppPurchaserApple.m */,
				7DEFA56B180EA041003E0CFF /* Readme.txt */,
			);
			path = InAppPurchase;
			sourceTree = "<group>";
		};
		7DEFA575180EA267003E0CFF /* Demo */ = {
			isa = PBXGroup;
			children = (
				7DEFA576180EA28A003E0CFF /* InAppPurchaseViewController.h */,
				7DEFA577180EA28A003E0CFF /* InAppPurchaseViewController.m */,
				7DEFA578180EA28A003E0CFF /* InAppPurchaseViewController.xib */,
			);
			path = Demo;
			sourceTree = "<group>";
		};
/* End PBXGroup section */

/* Begin PBXNativeTarget section */
		7D483FFE17C5BD44009AC184 /* WAYNE_IOS_SDK */ = {
			isa = PBXNativeTarget;
			buildConfigurationList = 7D48403617C5BD45009AC184 /* Build configuration list for PBXNativeTarget "WAYNE_IOS_SDK" */;
			buildPhases = (
				7D483FFB17C5BD44009AC184 /* Sources */,
				7D483FFC17C5BD44009AC184 /* Frameworks */,
				7D483FFD17C5BD44009AC184 /* Resources */,
			);
			buildRules = (
			);
			dependencies = (
			);
			name = WAYNE_IOS_SDK;
			productName = WAYNE_IOS_SDK;
			productReference = 7D483FFF17C5BD44009AC184 /* WAYNE_IOS_SDK.app */;
			productType = "com.apple.product-type.application";
		};
/* End PBXNativeTarget section */

/* Begin PBXProject section */
		7D483FF717C5BD44009AC184 /* Project object */ = {
			isa = PBXProject;
			attributes = {
				LastUpgradeCheck = 0460;
				ORGANIZATIONNAME = "green wayne";
			};
			buildConfigurationList = 7D483FFA17C5BD44009AC184 /* Build configuration list for PBXProject "WAYNE_IOS_SDK" */;
			compatibilityVersion = "Xcode 3.2";
			developmentRegion = English;
			hasScannedForEncodings = 0;
			knownRegions = (
				en,
				"zh-Hans",
			);
			mainGroup = 7D483FF617C5BD44009AC184;
			productRefGroup = 7D48400017C5BD44009AC184 /* Products */;
			projectDirPath = "";
			projectRoot = "";
			targets = (
				7D483FFE17C5BD44009AC184 /* WAYNE_IOS_SDK */,
			);
		};
/* End PBXProject section */

/* Begin PBXResourcesBuildPhase section */
		7D483FFD17C5BD44009AC184 /* Resources */ = {
			isa = PBXResourcesBuildPhase;
			buildActionMask = 2147483647;
			files = (
				7D9A96F6181233E200E75B0D /* FacebookViewController.xib in Resources */,
				7D48400D17C5BD44009AC184 /* InfoPlist.strings in Resources */,
				7DC39B27181A212A0093EB13 /* LifeManagerViewController.xib in Resources */,
				7D48401517C5BD45009AC184 /* Default.png in Resources */,
				7D48401717C5BD45009AC184 /* Default@2x.png in Resources */,
				7D48401917C5BD45009AC184 /* Default-568h@2x.png in Resources */,
				7DEFA56D180EA041003E0CFF /* Readme.txt in Resources */,
				7DEFA57A180EA28A003E0CFF /* InAppPurchaseViewController.xib in Resources */,
				7D9A9D621803D3B300233E8C /* UMSLoginViewController.xib in Resources */,
				7D48401E17C5BD45009AC184 /* first.png in Resources */,
				7D48402017C5BD45009AC184 /* first@2x.png in Resources */,
				7D9A9D5D1803D3B300233E8C /* UMSCommentDetailController.xib in Resources */,
				7D9A9D581803D3B300233E8C /* UMSocialLocalizable.strings in Resources */,
				7D48402517C5BD45009AC184 /* second.png in Resources */,
				7D48402717C5BD45009AC184 /* second@2x.png in Resources */,
				7D9A9D5F1803D3B300233E8C /* UMSCommentInputControlleriPad.xib in Resources */,
				AFB687ED195C35A80098B4BC /* citydict.plist in Resources */,
				7DE5E7651803FCA2001BB491 /* Icon.png in Resources */,
				7D9A9D5E1803D3B300233E8C /* UMSCommentInputController.xib in Resources */,
				AFB687EB195C34E70098B4BC /* LineSwitch.xib in Resources */,
				7D9A9D631803D3B300233E8C /* UMSnsAccountViewController.xib in Resources */,
				7DA1FA001805710E007459B1 /* MenuViewController.xib in Resources */,
				7D48402A17C5BD45009AC184 /* FirstViewController.xib in Resources */,
				7D9A9D651803D3B300233E8C /* UMSocialSDKResourcesNew.bundle in Resources */,
				7D48403017C5BD45009AC184 /* SecondViewController.xib in Resources */,
				7D9A9D611803D3B300233E8C /* UMShareEditViewControlleriPad.xib in Resources */,
				7D9A9D601803D3B300233E8C /* UMShareEditViewController.xib in Resources */,
				7DAA5CE1182248E80044C307 /* button.jpg in Resources */,
				7DA1F9FB18057046007459B1 /* NotificationViewController.xib in Resources */,
				7D9A9D641803D3B300233E8C /* UMSShareListController.xib in Resources */,
				7DAA5CDF182245460044C307 /* detalle.png in Resources */,
				7DB87F0017DF077A000EEBA2 /* game_data.json in Resources */,
				7DB87F0117DF077A000EEBA2 /* game_levels.json in Resources */,
			);
			runOnlyForDeploymentPostprocessing = 0;
		};
/* End PBXResourcesBuildPhase section */

/* Begin PBXSourcesBuildPhase section */
		7D483FFB17C5BD44009AC184 /* Sources */ = {
			isa = PBXSourcesBuildPhase;
			buildActionMask = 2147483647;
			files = (
				7DEFA572180EA0BF003E0CFF /* InAppPurchaser.m in Sources */,
				7D48400F17C5BD44009AC184 /* main.m in Sources */,
				7D4AE8661818C87D00B19465 /* TimeUtil.m in Sources */,
				7DEFA579180EA28A003E0CFF /* InAppPurchaseViewController.m in Sources */,
				7DA1F9FF1805710E007459B1 /* MenuViewController.m in Sources */,
				2490491A191B778100CDC909 /* StringEx.m in Sources */,
				24AC79761940475F005ECB08 /* RandomUtil.m in Sources */,
				7D48401317C5BD45009AC184 /* AppDelegate.m in Sources */,
				7DA24927181E0E7700E9C7B5 /* NotificationManager.m in Sources */,
				7DA1F9FA18057046007459B1 /* NotificationViewController.m in Sources */,
				AFB687EA195C34E70098B4BC /* LineSwitch.m in Sources */,
				7D48401C17C5BD45009AC184 /* FirstViewController.m in Sources */,
				7D48402317C5BD45009AC184 /* SecondViewController.m in Sources */,
				7DB87EDC17DEFE1E000EEBA2 /* CommonEx.m in Sources */,
				7D9A96F5181233E200E75B0D /* FacebookViewController.m in Sources */,
				7DB87EEE17DF067C000EEBA2 /* ImageUtil.m in Sources */,
				7DAA5CDD182213040044C307 /* ViewCommonComputer.m in Sources */,
				7DA1F59A1815267D00310DD0 /* DataManager.m in Sources */,
				7DB87EF217DF06A9000EEBA2 /* SoundEffect.m in Sources */,
				7DC39B26181A212A0093EB13 /* LifeManagerViewController.m in Sources */,
				7DB87EF517DF06BC000EEBA2 /* UIButtonEx.m in Sources */,
				7D9A96F9181237A900E75B0D /* FBManager.m in Sources */,
				AFB8962D197E509C003EEF99 /* NaviCoverView.m in Sources */,
				7DB87EF917DF0764000EEBA2 /* GameLevel.m in Sources */,
				7DC39B22181A20E90093EB13 /* LifeManager.m in Sources */,
				7DAA5CD9182210D60044C307 /* AnimationUtil.m in Sources */,
				7DB87F0217DF077A000EEBA2 /* GameData.m in Sources */,
				7DB87F0317DF077A000EEBA2 /* GameManager.m in Sources */,
				7DB87F0D17DF07C1000EEBA2 /* CoverProgressView.m in Sources */,
				7DA1594418338DD000B53857 /* ShareManager.m in Sources */,
				2465B6BA1941CC3F00BF3C81 /* WLifeManager.m in Sources */,
				AFB687F1195C3BFA0098B4BC /* IndexNamesViewController.m in Sources */,
				AFB6C7721975400C001246E9 /* WStepper.m in Sources */,
				24A858681946EABC00784729 /* DateEx.m in Sources */,
				7DB87F0E17DF07C1000EEBA2 /* MBProgressHUD.m in Sources */,
				AFB687E6195C33720098B4BC /* CityPickerViewController.m in Sources */,
				7DB87F0F17DF07C1000EEBA2 /* NumberView.m in Sources */,
				7DB87F1017DF07C1000EEBA2 /* ViewGroup.m in Sources */,
				7DEFA573180EA0BF003E0CFF /* InAppPurchaserApple.m in Sources */,
			);
			runOnlyForDeploymentPostprocessing = 0;
		};
/* End PBXSourcesBuildPhase section */

/* Begin PBXVariantGroup section */
		7D48400B17C5BD44009AC184 /* InfoPlist.strings */ = {
			isa = PBXVariantGroup;
			children = (
				7D48400C17C5BD44009AC184 /* en */,
				7D95EE9517D85CB300506D05 /* zh-Hans */,
			);
			name = InfoPlist.strings;
			sourceTree = "<group>";
		};
		7D48402817C5BD45009AC184 /* FirstViewController.xib */ = {
			isa = PBXVariantGroup;
			children = (
				7D95EE9617D85CDA00506D05 /* zh-Hans */,
			);
			name = FirstViewController.xib;
			sourceTree = "<group>";
		};
		7D48402E17C5BD45009AC184 /* SecondViewController.xib */ = {
			isa = PBXVariantGroup;
			children = (
				7D95EE9817D85CF700506D05 /* zh-Hans */,
			);
			name = SecondViewController.xib;
			sourceTree = "<group>";
		};
		7D9A9D341803D3B200233E8C /* UMSocialLocalizable.strings */ = {
			isa = PBXVariantGroup;
			children = (
				7D9A9D351803D3B200233E8C /* en */,
				7D9A9D541803D3B300233E8C /* zh-Hans */,
			);
			name = UMSocialLocalizable.strings;
			sourceTree = "<group>";
		};
/* End PBXVariantGroup section */

/* Begin XCBuildConfiguration section */
		7D48403417C5BD45009AC184 /* Debug */ = {
			isa = XCBuildConfiguration;
			buildSettings = {
				ALWAYS_SEARCH_USER_PATHS = NO;
				CLANG_CXX_LANGUAGE_STANDARD = "gnu++0x";
				CLANG_CXX_LIBRARY = "libc++";
				CLANG_ENABLE_OBJC_ARC = YES;
				CLANG_WARN_CONSTANT_CONVERSION = YES;
				CLANG_WARN_EMPTY_BODY = YES;
				CLANG_WARN_ENUM_CONVERSION = YES;
				CLANG_WARN_INT_CONVERSION = YES;
				CLANG_WARN__DUPLICATE_METHOD_MATCH = YES;
				"CODE_SIGN_IDENTITY[sdk=iphoneos*]" = "iPhone Developer";
				COPY_PHASE_STRIP = NO;
				GCC_C_LANGUAGE_STANDARD = gnu99;
				GCC_DYNAMIC_NO_PIC = NO;
				GCC_OPTIMIZATION_LEVEL = 0;
				GCC_PREPROCESSOR_DEFINITIONS = (
					"DEBUG=1",
					"$(inherited)",
				);
				GCC_SYMBOLS_PRIVATE_EXTERN = NO;
				GCC_WARN_ABOUT_RETURN_TYPE = YES;
				GCC_WARN_UNINITIALIZED_AUTOS = YES;
				GCC_WARN_UNUSED_VARIABLE = YES;
				IPHONEOS_DEPLOYMENT_TARGET = 7.1;
				ONLY_ACTIVE_ARCH = YES;
				SDKROOT = iphoneos;
				TARGETED_DEVICE_FAMILY = "1,2";
			};
			name = Debug;
		};
		7D48403517C5BD45009AC184 /* Release */ = {
			isa = XCBuildConfiguration;
			buildSettings = {
				ALWAYS_SEARCH_USER_PATHS = NO;
				CLANG_CXX_LANGUAGE_STANDARD = "gnu++0x";
				CLANG_CXX_LIBRARY = "libc++";
				CLANG_ENABLE_OBJC_ARC = YES;
				CLANG_WARN_CONSTANT_CONVERSION = YES;
				CLANG_WARN_EMPTY_BODY = YES;
				CLANG_WARN_ENUM_CONVERSION = YES;
				CLANG_WARN_INT_CONVERSION = YES;
				CLANG_WARN__DUPLICATE_METHOD_MATCH = YES;
				"CODE_SIGN_IDENTITY[sdk=iphoneos*]" = "iPhone Developer";
				COPY_PHASE_STRIP = YES;
				GCC_C_LANGUAGE_STANDARD = gnu99;
				GCC_WARN_ABOUT_RETURN_TYPE = YES;
				GCC_WARN_UNINITIALIZED_AUTOS = YES;
				GCC_WARN_UNUSED_VARIABLE = YES;
				IPHONEOS_DEPLOYMENT_TARGET = 7.1;
				OTHER_CFLAGS = "-DNS_BLOCK_ASSERTIONS=1";
				SDKROOT = iphoneos;
				TARGETED_DEVICE_FAMILY = "1,2";
				VALIDATE_PRODUCT = YES;
			};
			name = Release;
		};
		7D48403717C5BD45009AC184 /* Debug */ = {
			isa = XCBuildConfiguration;
			buildSettings = {
				CODE_SIGN_IDENTITY = "";
				"CODE_SIGN_IDENTITY[sdk=iphoneos*]" = "iPhone Developer";
				FRAMEWORK_SEARCH_PATHS = (
					"$(inherited)",
					"$(SRCROOT)/${PRODUCT_NAME}/libs/UMeng/UMSocial_Sdk_3.0/frameworks/TencentOpenAPI",
					"$(SRCROOT)/${PRODUCT_NAME}/libs",
				);
				GCC_PRECOMPILE_PREFIX_HEADER = YES;
				GCC_PREFIX_HEADER = "WAYNE_IOS_SDK/WAYNE_IOS_SDK-Prefix.pch";
				INFOPLIST_FILE = "WAYNE_IOS_SDK/WAYNE_IOS_SDK-Info.plist";
				IPHONEOS_DEPLOYMENT_TARGET = 6.0;
				LIBRARY_SEARCH_PATHS = (
					"$(inherited)",
					"$(SRCROOT)/${PRODUCT_NAME}/libs/UMeng",
					"$(SRCROOT)/${PRODUCT_NAME}/libs/UMeng/UMSocial_Sdk_3.0/frameworks/Wechat",
					"$(SRCROOT)/${PRODUCT_NAME}/libs/UMeng/UMSocial_Sdk_3.0",
					"$(SRCROOT)/${PRODUCT_NAME}/libs/UMeng/UMAnalytics_Sdk_2.2.1.OpenUDID",
				);
				PRODUCT_NAME = "$(TARGET_NAME)";
				PROVISIONING_PROFILE = "";
				WRAPPER_EXTENSION = app;
			};
			name = Debug;
		};
		7D48403817C5BD45009AC184 /* Release */ = {
			isa = XCBuildConfiguration;
			buildSettings = {
				CODE_SIGN_IDENTITY = "";
				"CODE_SIGN_IDENTITY[sdk=iphoneos*]" = "iPhone Developer";
				FRAMEWORK_SEARCH_PATHS = (
					"$(inherited)",
					"$(SRCROOT)/${PRODUCT_NAME}/libs/UMeng/UMSocial_Sdk_3.0/frameworks/TencentOpenAPI",
					"$(SRCROOT)/${PRODUCT_NAME}/libs",
				);
				GCC_PRECOMPILE_PREFIX_HEADER = YES;
				GCC_PREFIX_HEADER = "WAYNE_IOS_SDK/WAYNE_IOS_SDK-Prefix.pch";
				INFOPLIST_FILE = "WAYNE_IOS_SDK/WAYNE_IOS_SDK-Info.plist";
				IPHONEOS_DEPLOYMENT_TARGET = 6.0;
				LIBRARY_SEARCH_PATHS = (
					"$(inherited)",
					"$(SRCROOT)/${PRODUCT_NAME}/libs/UMeng",
					"$(SRCROOT)/${PRODUCT_NAME}/libs/UMeng/UMSocial_Sdk_3.0/frameworks/Wechat",
					"$(SRCROOT)/${PRODUCT_NAME}/libs/UMeng/UMSocial_Sdk_3.0",
					"$(SRCROOT)/${PRODUCT_NAME}/libs/UMeng/UMAnalytics_Sdk_2.2.1.OpenUDID",
				);
				PRODUCT_NAME = "$(TARGET_NAME)";
				PROVISIONING_PROFILE = "";
				WRAPPER_EXTENSION = app;
			};
			name = Release;
		};
/* End XCBuildConfiguration section */

/* Begin XCConfigurationList section */
		7D483FFA17C5BD44009AC184 /* Build configuration list for PBXProject "WAYNE_IOS_SDK" */ = {
			isa = XCConfigurationList;
			buildConfigurations = (
				7D48403417C5BD45009AC184 /* Debug */,
				7D48403517C5BD45009AC184 /* Release */,
			);
			defaultConfigurationIsVisible = 0;
			defaultConfigurationName = Release;
		};
		7D48403617C5BD45009AC184 /* Build configuration list for PBXNativeTarget "WAYNE_IOS_SDK" */ = {
			isa = XCConfigurationList;
			buildConfigurations = (
				7D48403717C5BD45009AC184 /* Debug */,
				7D48403817C5BD45009AC184 /* Release */,
			);
			defaultConfigurationIsVisible = 0;
			defaultConfigurationName = Release;
		};
/* End XCConfigurationList section */
	};
	rootObject = 7D483FF717C5BD44009AC184 /* Project object */;
}
